
Microsoft Visual Studio Solution File, Format Version 10.00
# Visual Studio 2008
Project("{FAE04EC0-301F-11D3-BF4B-00C04F79EFBC}") = "Adam6224", "Adam6224\Adam6224.csproj", "{F5A2EE45-521B-431F-B3E2-CFE8F75F709E}"
EndProject
Global
	GlobalSection(SolutionConfigurationPlatforms) = preSolution
		Debug|Any CPU = Debug|Any CPU
		Release|Any CPU = Release|Any CPU
	EndGlobalSection
	GlobalSection(ProjectConfigurationPlatforms) = postSolution
		{F5A2EE45-521B-431F-B3E2-CFE8F75F709E}.Debug|Any CPU.ActiveCfg = Debug|Any CPU
		{F5A2EE45-521B-431F-B3E2-CFE8F75F709E}.Debug|Any CPU.Build.0 = Debug|Any CPU
		{F5A2EE45-521B-431F-B3E2-CFE8F75F709E}.Release|Any CPU.ActiveCfg = Release|Any CPU
		{F5A2EE45-521B-431F-B3E2-CFE8F75F709E}.Release|Any CPU.Build.0 = Release|Any CPU
	EndGlobalSection
	GlobalSection(SolutionProperties) = preSolution
		HideSolutionNode = FALSE
	EndGlobalSection
EndGlobal
