
Microsoft Visual Studio Solution File, Format Version 10.00
# Visual Studio 2008
Project("{FAE04EC0-301F-11D3-BF4B-00C04F79EFBC}") = "APAX-Coupler-WinCE-Sample", "APAX-Coupler-WinCE-Sample\APAX-Coupler-WinCE-Sample.csproj", "{2A6492B2-A4C3-4532-8DA4-7AC044A17203}"
EndProject
Project("{FAE04EC0-301F-11D3-BF4B-00C04F79EFBC}") = "APAX_IO_Module_Library", "Apax_IO_Module_Library\APAX_IO_Module_Library.csproj", "{27A1ABCB-28A4-4E28-B24C-5B38F7CCAA12}"
EndProject
Project("{FAE04EC0-301F-11D3-BF4B-00C04F79EFBC}") = "APAX-5060", "APAX-5060\APAX-5060.csproj", "{5E97477B-7276-496A-8C02-24080EF2E707}"
EndProject
Project("{FAE04EC0-301F-11D3-BF4B-00C04F79EFBC}") = "APAX-5046", "APAX-5046\APAX-5046.csproj", "{8433940C-F649-4880-8524-1381CDF05138}"
EndProject
Project("{FAE04EC0-301F-11D3-BF4B-00C04F79EFBC}") = "APAX-5045", "APAX-5045\APAX-5045.csproj", "{F2467D1F-ABEB-40BF-9505-D5E2060F77CF}"
EndProject
Project("{FAE04EC0-301F-11D3-BF4B-00C04F79EFBC}") = "APAX-5040", "APAX-5040\APAX-5040.csproj", "{891520C0-B149-4C8B-90A0-4ED865646178}"
EndProject
Project("{FAE04EC0-301F-11D3-BF4B-00C04F79EFBC}") = "APAX-5028", "APAX-5028\APAX-5028.csproj", "{7EC75F1C-0800-428D-BC0A-54C814E58B2D}"
EndProject
Project("{FAE04EC0-301F-11D3-BF4B-00C04F79EFBC}") = "APAX-5017H", "APAX-5017H\APAX-5017H.csproj", "{12D3EC94-297B-4FFE-8CD4-00A344ACCFF7}"
EndProject
Project("{FAE04EC0-301F-11D3-BF4B-00C04F79EFBC}") = "APAX-5017", "APAX-5017\APAX-5017.csproj", "{65CD07D9-3B4E-4F55-80D0-9DB6D491E7F3}"
EndProject
Project("{FAE04EC0-301F-11D3-BF4B-00C04F79EFBC}") = "APAX-5013", "APAX-5013\APAX-5013.csproj", "{9D90EC55-DA04-4631-BE40-C64E402C279B}"
EndProject
Project("{FAE04EC0-301F-11D3-BF4B-00C04F79EFBC}") = "APAX-5018", "APAX-5018\APAX-5018.csproj", "{C3291630-44EB-439F-B45E-7C7FE2085F9E}"
EndProject
Project("{FAE04EC0-301F-11D3-BF4B-00C04F79EFBC}") = "APAX-5080", "APAX-5080\APAX-5080.csproj", "{02F80E70-8EF3-4A45-BE57-ABEE3E8B37C6}"
EndProject
Project("{FAE04EC0-301F-11D3-BF4B-00C04F79EFBC}") = "APAX-5082", "APAX-5082\APAX-5082.csproj", "{905978DB-D8E7-4385-91E0-FED606A6F882}"
EndProject
Project("{FAE04EC0-301F-11D3-BF4B-00C04F79EFBC}") = "APAX-5017PE", "APAX-5017PE\APAX-5017PE.csproj", "{5F5F45FC-4072-4870-8FF0-ECE97A9C0B23}"
EndProject
Project("{FAE04EC0-301F-11D3-BF4B-00C04F79EFBC}") = "APAX-5040PE", "APAX-5040PE\APAX-5040PE.csproj", "{770CF578-0E48-4A57-906D-5639ED79B18C}"
EndProject
Project("{FAE04EC0-301F-11D3-BF4B-00C04F79EFBC}") = "APAX-5046SO", "APAX-5046SO\APAX-5046SO.csproj", "{128299EF-B88B-4E26-9288-F25BC523A028}"
EndProject
Project("{FAE04EC0-301F-11D3-BF4B-00C04F79EFBC}") = "APAX-5060PE", "APAX-5060PE\APAX-5060PE.csproj", "{A87F457B-7512-4451-A339-9DBF8944AD82}"
EndProject
Project("{FAE04EC0-301F-11D3-BF4B-00C04F79EFBC}") = "APAX-5090", "APAX-5090\APAX-5090.csproj", "{E4B1F421-3FAB-498F-9A6C-3CA4C393BC89}"
EndProject
Global
	GlobalSection(SolutionConfigurationPlatforms) = preSolution
		Debug|Any CPU = Debug|Any CPU
		Release|Any CPU = Release|Any CPU
	EndGlobalSection
	GlobalSection(ProjectConfigurationPlatforms) = postSolution
		{2A6492B2-A4C3-4532-8DA4-7AC044A17203}.Debug|Any CPU.ActiveCfg = Debug|Any CPU
		{2A6492B2-A4C3-4532-8DA4-7AC044A17203}.Debug|Any CPU.Build.0 = Debug|Any CPU
		{2A6492B2-A4C3-4532-8DA4-7AC044A17203}.Debug|Any CPU.Deploy.0 = Debug|Any CPU
		{2A6492B2-A4C3-4532-8DA4-7AC044A17203}.Release|Any CPU.ActiveCfg = Release|Any CPU
		{2A6492B2-A4C3-4532-8DA4-7AC044A17203}.Release|Any CPU.Build.0 = Release|Any CPU
		{2A6492B2-A4C3-4532-8DA4-7AC044A17203}.Release|Any CPU.Deploy.0 = Release|Any CPU
		{27A1ABCB-28A4-4E28-B24C-5B38F7CCAA12}.Debug|Any CPU.ActiveCfg = Debug|Any CPU
		{27A1ABCB-28A4-4E28-B24C-5B38F7CCAA12}.Debug|Any CPU.Build.0 = Debug|Any CPU
		{27A1ABCB-28A4-4E28-B24C-5B38F7CCAA12}.Release|Any CPU.ActiveCfg = Release|Any CPU
		{27A1ABCB-28A4-4E28-B24C-5B38F7CCAA12}.Release|Any CPU.Build.0 = Release|Any CPU
		{5E97477B-7276-496A-8C02-24080EF2E707}.Debug|Any CPU.ActiveCfg = Debug|Any CPU
		{5E97477B-7276-496A-8C02-24080EF2E707}.Debug|Any CPU.Build.0 = Debug|Any CPU
		{5E97477B-7276-496A-8C02-24080EF2E707}.Debug|Any CPU.Deploy.0 = Debug|Any CPU
		{5E97477B-7276-496A-8C02-24080EF2E707}.Release|Any CPU.ActiveCfg = Release|Any CPU
		{5E97477B-7276-496A-8C02-24080EF2E707}.Release|Any CPU.Build.0 = Release|Any CPU
		{5E97477B-7276-496A-8C02-24080EF2E707}.Release|Any CPU.Deploy.0 = Release|Any CPU
		{8433940C-F649-4880-8524-1381CDF05138}.Debug|Any CPU.ActiveCfg = Debug|Any CPU
		{8433940C-F649-4880-8524-1381CDF05138}.Debug|Any CPU.Build.0 = Debug|Any CPU
		{8433940C-F649-4880-8524-1381CDF05138}.Debug|Any CPU.Deploy.0 = Debug|Any CPU
		{8433940C-F649-4880-8524-1381CDF05138}.Release|Any CPU.ActiveCfg = Release|Any CPU
		{8433940C-F649-4880-8524-1381CDF05138}.Release|Any CPU.Build.0 = Release|Any CPU
		{8433940C-F649-4880-8524-1381CDF05138}.Release|Any CPU.Deploy.0 = Release|Any CPU
		{F2467D1F-ABEB-40BF-9505-D5E2060F77CF}.Debug|Any CPU.ActiveCfg = Debug|Any CPU
		{F2467D1F-ABEB-40BF-9505-D5E2060F77CF}.Debug|Any CPU.Build.0 = Debug|Any CPU
		{F2467D1F-ABEB-40BF-9505-D5E2060F77CF}.Debug|Any CPU.Deploy.0 = Debug|Any CPU
		{F2467D1F-ABEB-40BF-9505-D5E2060F77CF}.Release|Any CPU.ActiveCfg = Release|Any CPU
		{F2467D1F-ABEB-40BF-9505-D5E2060F77CF}.Release|Any CPU.Build.0 = Release|Any CPU
		{F2467D1F-ABEB-40BF-9505-D5E2060F77CF}.Release|Any CPU.Deploy.0 = Release|Any CPU
		{891520C0-B149-4C8B-90A0-4ED865646178}.Debug|Any CPU.ActiveCfg = Debug|Any CPU
		{891520C0-B149-4C8B-90A0-4ED865646178}.Debug|Any CPU.Build.0 = Debug|Any CPU
		{891520C0-B149-4C8B-90A0-4ED865646178}.Debug|Any CPU.Deploy.0 = Debug|Any CPU
		{891520C0-B149-4C8B-90A0-4ED865646178}.Release|Any CPU.ActiveCfg = Release|Any CPU
		{891520C0-B149-4C8B-90A0-4ED865646178}.Release|Any CPU.Build.0 = Release|Any CPU
		{891520C0-B149-4C8B-90A0-4ED865646178}.Release|Any CPU.Deploy.0 = Release|Any CPU
		{7EC75F1C-0800-428D-BC0A-54C814E58B2D}.Debug|Any CPU.ActiveCfg = Debug|Any CPU
		{7EC75F1C-0800-428D-BC0A-54C814E58B2D}.Debug|Any CPU.Build.0 = Debug|Any CPU
		{7EC75F1C-0800-428D-BC0A-54C814E58B2D}.Debug|Any CPU.Deploy.0 = Debug|Any CPU
		{7EC75F1C-0800-428D-BC0A-54C814E58B2D}.Release|Any CPU.ActiveCfg = Release|Any CPU
		{7EC75F1C-0800-428D-BC0A-54C814E58B2D}.Release|Any CPU.Build.0 = Release|Any CPU
		{7EC75F1C-0800-428D-BC0A-54C814E58B2D}.Release|Any CPU.Deploy.0 = Release|Any CPU
		{12D3EC94-297B-4FFE-8CD4-00A344ACCFF7}.Debug|Any CPU.ActiveCfg = Debug|Any CPU
		{12D3EC94-297B-4FFE-8CD4-00A344ACCFF7}.Debug|Any CPU.Build.0 = Debug|Any CPU
		{12D3EC94-297B-4FFE-8CD4-00A344ACCFF7}.Debug|Any CPU.Deploy.0 = Debug|Any CPU
		{12D3EC94-297B-4FFE-8CD4-00A344ACCFF7}.Release|Any CPU.ActiveCfg = Release|Any CPU
		{12D3EC94-297B-4FFE-8CD4-00A344ACCFF7}.Release|Any CPU.Build.0 = Release|Any CPU
		{12D3EC94-297B-4FFE-8CD4-00A344ACCFF7}.Release|Any CPU.Deploy.0 = Release|Any CPU
		{65CD07D9-3B4E-4F55-80D0-9DB6D491E7F3}.Debug|Any CPU.ActiveCfg = Debug|Any CPU
		{65CD07D9-3B4E-4F55-80D0-9DB6D491E7F3}.Debug|Any CPU.Build.0 = Debug|Any CPU
		{65CD07D9-3B4E-4F55-80D0-9DB6D491E7F3}.Debug|Any CPU.Deploy.0 = Debug|Any CPU
		{65CD07D9-3B4E-4F55-80D0-9DB6D491E7F3}.Release|Any CPU.ActiveCfg = Release|Any CPU
		{65CD07D9-3B4E-4F55-80D0-9DB6D491E7F3}.Release|Any CPU.Build.0 = Release|Any CPU
		{65CD07D9-3B4E-4F55-80D0-9DB6D491E7F3}.Release|Any CPU.Deploy.0 = Release|Any CPU
		{9D90EC55-DA04-4631-BE40-C64E402C279B}.Debug|Any CPU.ActiveCfg = Debug|Any CPU
		{9D90EC55-DA04-4631-BE40-C64E402C279B}.Debug|Any CPU.Build.0 = Debug|Any CPU
		{9D90EC55-DA04-4631-BE40-C64E402C279B}.Debug|Any CPU.Deploy.0 = Debug|Any CPU
		{9D90EC55-DA04-4631-BE40-C64E402C279B}.Release|Any CPU.ActiveCfg = Release|Any CPU
		{9D90EC55-DA04-4631-BE40-C64E402C279B}.Release|Any CPU.Build.0 = Release|Any CPU
		{9D90EC55-DA04-4631-BE40-C64E402C279B}.Release|Any CPU.Deploy.0 = Release|Any CPU
		{C3291630-44EB-439F-B45E-7C7FE2085F9E}.Debug|Any CPU.ActiveCfg = Debug|Any CPU
		{C3291630-44EB-439F-B45E-7C7FE2085F9E}.Debug|Any CPU.Build.0 = Debug|Any CPU
		{C3291630-44EB-439F-B45E-7C7FE2085F9E}.Debug|Any CPU.Deploy.0 = Debug|Any CPU
		{C3291630-44EB-439F-B45E-7C7FE2085F9E}.Release|Any CPU.ActiveCfg = Release|Any CPU
		{C3291630-44EB-439F-B45E-7C7FE2085F9E}.Release|Any CPU.Build.0 = Release|Any CPU
		{C3291630-44EB-439F-B45E-7C7FE2085F9E}.Release|Any CPU.Deploy.0 = Release|Any CPU
		{02F80E70-8EF3-4A45-BE57-ABEE3E8B37C6}.Debug|Any CPU.ActiveCfg = Debug|Any CPU
		{02F80E70-8EF3-4A45-BE57-ABEE3E8B37C6}.Debug|Any CPU.Build.0 = Debug|Any CPU
		{02F80E70-8EF3-4A45-BE57-ABEE3E8B37C6}.Debug|Any CPU.Deploy.0 = Debug|Any CPU
		{02F80E70-8EF3-4A45-BE57-ABEE3E8B37C6}.Release|Any CPU.ActiveCfg = Release|Any CPU
		{02F80E70-8EF3-4A45-BE57-ABEE3E8B37C6}.Release|Any CPU.Build.0 = Release|Any CPU
		{02F80E70-8EF3-4A45-BE57-ABEE3E8B37C6}.Release|Any CPU.Deploy.0 = Release|Any CPU
		{905978DB-D8E7-4385-91E0-FED606A6F882}.Debug|Any CPU.ActiveCfg = Debug|Any CPU
		{905978DB-D8E7-4385-91E0-FED606A6F882}.Debug|Any CPU.Build.0 = Debug|Any CPU
		{905978DB-D8E7-4385-91E0-FED606A6F882}.Debug|Any CPU.Deploy.0 = Debug|Any CPU
		{905978DB-D8E7-4385-91E0-FED606A6F882}.Release|Any CPU.ActiveCfg = Release|Any CPU
		{905978DB-D8E7-4385-91E0-FED606A6F882}.Release|Any CPU.Build.0 = Release|Any CPU
		{905978DB-D8E7-4385-91E0-FED606A6F882}.Release|Any CPU.Deploy.0 = Release|Any CPU
		{5F5F45FC-4072-4870-8FF0-ECE97A9C0B23}.Debug|Any CPU.ActiveCfg = Debug|Any CPU
		{5F5F45FC-4072-4870-8FF0-ECE97A9C0B23}.Debug|Any CPU.Build.0 = Debug|Any CPU
		{5F5F45FC-4072-4870-8FF0-ECE97A9C0B23}.Debug|Any CPU.Deploy.0 = Debug|Any CPU
		{5F5F45FC-4072-4870-8FF0-ECE97A9C0B23}.Release|Any CPU.ActiveCfg = Release|Any CPU
		{5F5F45FC-4072-4870-8FF0-ECE97A9C0B23}.Release|Any CPU.Build.0 = Release|Any CPU
		{5F5F45FC-4072-4870-8FF0-ECE97A9C0B23}.Release|Any CPU.Deploy.0 = Release|Any CPU
		{770CF578-0E48-4A57-906D-5639ED79B18C}.Debug|Any CPU.ActiveCfg = Debug|Any CPU
		{770CF578-0E48-4A57-906D-5639ED79B18C}.Debug|Any CPU.Build.0 = Debug|Any CPU
		{770CF578-0E48-4A57-906D-5639ED79B18C}.Debug|Any CPU.Deploy.0 = Debug|Any CPU
		{770CF578-0E48-4A57-906D-5639ED79B18C}.Release|Any CPU.ActiveCfg = Release|Any CPU
		{770CF578-0E48-4A57-906D-5639ED79B18C}.Release|Any CPU.Build.0 = Release|Any CPU
		{770CF578-0E48-4A57-906D-5639ED79B18C}.Release|Any CPU.Deploy.0 = Release|Any CPU
		{128299EF-B88B-4E26-9288-F25BC523A028}.Debug|Any CPU.ActiveCfg = Debug|Any CPU
		{128299EF-B88B-4E26-9288-F25BC523A028}.Debug|Any CPU.Build.0 = Debug|Any CPU
		{128299EF-B88B-4E26-9288-F25BC523A028}.Debug|Any CPU.Deploy.0 = Debug|Any CPU
		{128299EF-B88B-4E26-9288-F25BC523A028}.Release|Any CPU.ActiveCfg = Release|Any CPU
		{128299EF-B88B-4E26-9288-F25BC523A028}.Release|Any CPU.Build.0 = Release|Any CPU
		{128299EF-B88B-4E26-9288-F25BC523A028}.Release|Any CPU.Deploy.0 = Release|Any CPU
		{A87F457B-7512-4451-A339-9DBF8944AD82}.Debug|Any CPU.ActiveCfg = Debug|Any CPU
		{A87F457B-7512-4451-A339-9DBF8944AD82}.Debug|Any CPU.Build.0 = Debug|Any CPU
		{A87F457B-7512-4451-A339-9DBF8944AD82}.Debug|Any CPU.Deploy.0 = Debug|Any CPU
		{A87F457B-7512-4451-A339-9DBF8944AD82}.Release|Any CPU.ActiveCfg = Release|Any CPU
		{A87F457B-7512-4451-A339-9DBF8944AD82}.Release|Any CPU.Build.0 = Release|Any CPU
		{A87F457B-7512-4451-A339-9DBF8944AD82}.Release|Any CPU.Deploy.0 = Release|Any CPU
		{E4B1F421-3FAB-498F-9A6C-3CA4C393BC89}.Debug|Any CPU.ActiveCfg = Debug|Any CPU
		{E4B1F421-3FAB-498F-9A6C-3CA4C393BC89}.Debug|Any CPU.Build.0 = Debug|Any CPU
		{E4B1F421-3FAB-498F-9A6C-3CA4C393BC89}.Debug|Any CPU.Deploy.0 = Debug|Any CPU
		{E4B1F421-3FAB-498F-9A6C-3CA4C393BC89}.Release|Any CPU.ActiveCfg = Release|Any CPU
		{E4B1F421-3FAB-498F-9A6C-3CA4C393BC89}.Release|Any CPU.Build.0 = Release|Any CPU
		{E4B1F421-3FAB-498F-9A6C-3CA4C393BC89}.Release|Any CPU.Deploy.0 = Release|Any CPU
	EndGlobalSection
	GlobalSection(SolutionProperties) = preSolution
		HideSolutionNode = FALSE
	EndGlobalSection
EndGlobal
