
Microsoft Visual Studio Solution File, Format Version 10.00
# Visual Studio 2008
Project("{FAE04EC0-301F-11D3-BF4B-00C04F79EFBC}") = "WISE-40XXCOM", "WISE-40XXCOM\WISE-40XXCOM.csproj", "{94196D59-2402-4EF3-A12D-220865DBD91B}"
EndProject
Global
	GlobalSection(SolutionConfigurationPlatforms) = preSolution
		Debug|Any CPU = Debug|Any CPU
		Release|Any CPU = Release|Any CPU
	EndGlobalSection
	GlobalSection(ProjectConfigurationPlatforms) = postSolution
		{94196D59-2402-4EF3-A12D-220865DBD91B}.Debug|Any CPU.ActiveCfg = Debug|Any CPU
		{94196D59-2402-4EF3-A12D-220865DBD91B}.Debug|Any CPU.Build.0 = Debug|Any CPU
		{94196D59-2402-4EF3-A12D-220865DBD91B}.Release|Any CPU.ActiveCfg = Release|Any CPU
		{94196D59-2402-4EF3-A12D-220865DBD91B}.Release|Any CPU.Build.0 = Release|Any CPU
	EndGlobalSection
	GlobalSection(SolutionProperties) = preSolution
		HideSolutionNode = FALSE
	EndGlobalSection
EndGlobal
