
Microsoft Visual Studio Solution File, Format Version 10.00
# Visual Studio 2008
Project("{FAE04EC0-301F-11D3-BF4B-00C04F79EFBC}") = "Adam4011_12_13", "Adam4011_12_13.csproj", "{4FDC8DE9-D8A9-4765-919C-3E737C8CC8FF}"
EndProject
Global
	GlobalSection(SolutionConfigurationPlatforms) = preSolution
		Debug|Any CPU = Debug|Any CPU
		Release|Any CPU = Release|Any CPU
	EndGlobalSection
	GlobalSection(ProjectConfigurationPlatforms) = postSolution
		{4FDC8DE9-D8A9-4765-919C-3E737C8CC8FF}.Debug|Any CPU.ActiveCfg = Debug|Any CPU
		{4FDC8DE9-D8A9-4765-919C-3E737C8CC8FF}.Debug|Any CPU.Build.0 = Debug|Any CPU
		{4FDC8DE9-D8A9-4765-919C-3E737C8CC8FF}.Debug|Any CPU.Deploy.0 = Debug|Any CPU
		{4FDC8DE9-D8A9-4765-919C-3E737C8CC8FF}.Release|Any CPU.ActiveCfg = Release|Any CPU
		{4FDC8DE9-D8A9-4765-919C-3E737C8CC8FF}.Release|Any CPU.Build.0 = Release|Any CPU
		{4FDC8DE9-D8A9-4765-919C-3E737C8CC8FF}.Release|Any CPU.Deploy.0 = Release|Any CPU
	EndGlobalSection
	GlobalSection(SolutionProperties) = preSolution
		HideSolutionNode = FALSE
	EndGlobalSection
EndGlobal
