
Microsoft Visual Studio Solution File, Format Version 10.00
# Visual Studio 2008
Project("{F184B08F-C81C-45F6-A57F-5ABD9991F28F}") = "Adam4022T", "Adam4022T.vbproj", "{90837FB3-D16A-460C-B315-4EED8C2F2CD5}"
EndProject
Global
	GlobalSection(SolutionConfigurationPlatforms) = preSolution
		Debug|Any CPU = Debug|Any CPU
		Release|Any CPU = Release|Any CPU
	EndGlobalSection
	GlobalSection(ProjectConfigurationPlatforms) = postSolution
		{90837FB3-D16A-460C-B315-4EED8C2F2CD5}.Debug|Any CPU.ActiveCfg = Debug|Any CPU
		{90837FB3-D16A-460C-B315-4EED8C2F2CD5}.Debug|Any CPU.Build.0 = Debug|Any CPU
		{90837FB3-D16A-460C-B315-4EED8C2F2CD5}.Release|Any CPU.ActiveCfg = Release|Any CPU
		{90837FB3-D16A-460C-B315-4EED8C2F2CD5}.Release|Any CPU.Build.0 = Release|Any CPU
	EndGlobalSection
	GlobalSection(SolutionProperties) = preSolution
		HideSolutionNode = FALSE
	EndGlobalSection
EndGlobal
