
Microsoft Visual Studio Solution File, Format Version 10.00
# Visual Studio 2008
Project("{F184B08F-C81C-45F6-A57F-5ABD9991F28F}") = "APAX-Controller-Win32-Example", "APAX-Controller-Win32-Sample\APAX-Controller-Win32-Example.vbproj", "{57A7E24C-9E9F-4E45-8B04-1FBE0C11D37E}"
EndProject
Project("{F184B08F-C81C-45F6-A57F-5ABD9991F28F}") = "Apax_IO_Module_Library", "Apax_IO_Module_Library\Apax_IO_Module_Library.vbproj", "{2B10E3B1-5DFA-4520-9F24-8AEEC4776E4D}"
EndProject
Project("{F184B08F-C81C-45F6-A57F-5ABD9991F28F}") = "APAX-5060", "APAX-5060\APAX-5060.vbproj", "{60827BC5-3C4F-4C86-B317-818551D33EEC}"
EndProject
Project("{F184B08F-C81C-45F6-A57F-5ABD9991F28F}") = "APAX-5046", "APAX-5046\APAX-5046.vbproj", "{BBE9D280-5259-464E-9E11-86BFB03CB63D}"
EndProject
Project("{F184B08F-C81C-45F6-A57F-5ABD9991F28F}") = "APAX-5045", "APAX-5045\APAX-5045.vbproj", "{96BEB39E-8CD9-4B75-9899-561A85661DBA}"
EndProject
Project("{F184B08F-C81C-45F6-A57F-5ABD9991F28F}") = "APAX-5040", "APAX-5040\APAX-5040.vbproj", "{E8F98744-6E78-4EEE-8542-85B2C0523EDC}"
EndProject
Project("{F184B08F-C81C-45F6-A57F-5ABD9991F28F}") = "APAX-5080", "APAX-5080\APAX-5080.vbproj", "{D96C8063-46EB-4971-A68B-6CE42F173FA9}"
EndProject
Project("{F184B08F-C81C-45F6-A57F-5ABD9991F28F}") = "APAX-5082", "APAX-5082\APAX-5082.vbproj", "{D7A3550B-698A-43E8-87AE-A4D70B3D6292}"
EndProject
Project("{F184B08F-C81C-45F6-A57F-5ABD9991F28F}") = "APAX-5013", "APAX-5013\APAX-5013.vbproj", "{1313D9C8-DCC5-493F-8268-AC53EA726EB5}"
EndProject
Project("{F184B08F-C81C-45F6-A57F-5ABD9991F28F}") = "APAX-5017", "APAX-5017\APAX-5017.vbproj", "{44834194-F9F1-46C8-B70C-2FAC81FECD8F}"
EndProject
Project("{F184B08F-C81C-45F6-A57F-5ABD9991F28F}") = "APAX-5017H", "APAX-5017H\APAX-5017H.vbproj", "{0E8BB19F-1CEE-4F72-9EF4-A2266EAF8285}"
EndProject
Project("{F184B08F-C81C-45F6-A57F-5ABD9991F28F}") = "APAX-5018", "APAX-5018\APAX-5018.vbproj", "{A5678032-789C-420C-84E6-57FEAFBA2524}"
EndProject
Project("{F184B08F-C81C-45F6-A57F-5ABD9991F28F}") = "APAX-5028", "APAX-5028\APAX-5028.vbproj", "{8E5715E2-BDFD-4CCD-BC5F-55D59975E0B3}"
EndProject
Project("{F184B08F-C81C-45F6-A57F-5ABD9991F28F}") = "APAX-5017PE", "APAX-5017PE\APAX-5017PE.vbproj", "{F3D28033-5ED2-4171-9895-7DDF98F7052F}"
EndProject
Project("{F184B08F-C81C-45F6-A57F-5ABD9991F28F}") = "APAX-5040PE", "APAX-5040PE\APAX-5040PE.vbproj", "{A64835DA-9B57-4DCB-BFA2-FE6CF97B760F}"
EndProject
Project("{F184B08F-C81C-45F6-A57F-5ABD9991F28F}") = "APAX-5046SO", "APAX-5046SO\APAX-5046SO.vbproj", "{63A50A71-2DDC-4530-A0D5-56B7FD378F2A}"
EndProject
Project("{F184B08F-C81C-45F6-A57F-5ABD9991F28F}") = "APAX-5060PE", "APAX-5060PE\APAX-5060PE.vbproj", "{BEA307A2-6FB9-4012-BBE8-E0C3CE1E9F87}"
EndProject
Global
	GlobalSection(SolutionConfigurationPlatforms) = preSolution
		Debug|Any CPU = Debug|Any CPU
		Release|Any CPU = Release|Any CPU
	EndGlobalSection
	GlobalSection(ProjectConfigurationPlatforms) = postSolution
		{57A7E24C-9E9F-4E45-8B04-1FBE0C11D37E}.Debug|Any CPU.ActiveCfg = Debug|Any CPU
		{57A7E24C-9E9F-4E45-8B04-1FBE0C11D37E}.Debug|Any CPU.Build.0 = Debug|Any CPU
		{57A7E24C-9E9F-4E45-8B04-1FBE0C11D37E}.Release|Any CPU.ActiveCfg = Release|Any CPU
		{57A7E24C-9E9F-4E45-8B04-1FBE0C11D37E}.Release|Any CPU.Build.0 = Release|Any CPU
		{2B10E3B1-5DFA-4520-9F24-8AEEC4776E4D}.Debug|Any CPU.ActiveCfg = Debug|Any CPU
		{2B10E3B1-5DFA-4520-9F24-8AEEC4776E4D}.Debug|Any CPU.Build.0 = Debug|Any CPU
		{2B10E3B1-5DFA-4520-9F24-8AEEC4776E4D}.Release|Any CPU.ActiveCfg = Release|Any CPU
		{2B10E3B1-5DFA-4520-9F24-8AEEC4776E4D}.Release|Any CPU.Build.0 = Release|Any CPU
		{60827BC5-3C4F-4C86-B317-818551D33EEC}.Debug|Any CPU.ActiveCfg = Debug|Any CPU
		{60827BC5-3C4F-4C86-B317-818551D33EEC}.Debug|Any CPU.Build.0 = Debug|Any CPU
		{60827BC5-3C4F-4C86-B317-818551D33EEC}.Release|Any CPU.ActiveCfg = Release|Any CPU
		{60827BC5-3C4F-4C86-B317-818551D33EEC}.Release|Any CPU.Build.0 = Release|Any CPU
		{BBE9D280-5259-464E-9E11-86BFB03CB63D}.Debug|Any CPU.ActiveCfg = Debug|Any CPU
		{BBE9D280-5259-464E-9E11-86BFB03CB63D}.Debug|Any CPU.Build.0 = Debug|Any CPU
		{BBE9D280-5259-464E-9E11-86BFB03CB63D}.Release|Any CPU.ActiveCfg = Release|Any CPU
		{BBE9D280-5259-464E-9E11-86BFB03CB63D}.Release|Any CPU.Build.0 = Release|Any CPU
		{96BEB39E-8CD9-4B75-9899-561A85661DBA}.Debug|Any CPU.ActiveCfg = Debug|Any CPU
		{96BEB39E-8CD9-4B75-9899-561A85661DBA}.Debug|Any CPU.Build.0 = Debug|Any CPU
		{96BEB39E-8CD9-4B75-9899-561A85661DBA}.Release|Any CPU.ActiveCfg = Release|Any CPU
		{96BEB39E-8CD9-4B75-9899-561A85661DBA}.Release|Any CPU.Build.0 = Release|Any CPU
		{E8F98744-6E78-4EEE-8542-85B2C0523EDC}.Debug|Any CPU.ActiveCfg = Debug|Any CPU
		{E8F98744-6E78-4EEE-8542-85B2C0523EDC}.Debug|Any CPU.Build.0 = Debug|Any CPU
		{E8F98744-6E78-4EEE-8542-85B2C0523EDC}.Release|Any CPU.ActiveCfg = Release|Any CPU
		{E8F98744-6E78-4EEE-8542-85B2C0523EDC}.Release|Any CPU.Build.0 = Release|Any CPU
		{D96C8063-46EB-4971-A68B-6CE42F173FA9}.Debug|Any CPU.ActiveCfg = Debug|Any CPU
		{D96C8063-46EB-4971-A68B-6CE42F173FA9}.Debug|Any CPU.Build.0 = Debug|Any CPU
		{D96C8063-46EB-4971-A68B-6CE42F173FA9}.Release|Any CPU.ActiveCfg = Release|Any CPU
		{D96C8063-46EB-4971-A68B-6CE42F173FA9}.Release|Any CPU.Build.0 = Release|Any CPU
		{D7A3550B-698A-43E8-87AE-A4D70B3D6292}.Debug|Any CPU.ActiveCfg = Debug|Any CPU
		{D7A3550B-698A-43E8-87AE-A4D70B3D6292}.Debug|Any CPU.Build.0 = Debug|Any CPU
		{D7A3550B-698A-43E8-87AE-A4D70B3D6292}.Release|Any CPU.ActiveCfg = Release|Any CPU
		{D7A3550B-698A-43E8-87AE-A4D70B3D6292}.Release|Any CPU.Build.0 = Release|Any CPU
		{1313D9C8-DCC5-493F-8268-AC53EA726EB5}.Debug|Any CPU.ActiveCfg = Debug|Any CPU
		{1313D9C8-DCC5-493F-8268-AC53EA726EB5}.Debug|Any CPU.Build.0 = Debug|Any CPU
		{1313D9C8-DCC5-493F-8268-AC53EA726EB5}.Release|Any CPU.ActiveCfg = Release|Any CPU
		{1313D9C8-DCC5-493F-8268-AC53EA726EB5}.Release|Any CPU.Build.0 = Release|Any CPU
		{44834194-F9F1-46C8-B70C-2FAC81FECD8F}.Debug|Any CPU.ActiveCfg = Debug|Any CPU
		{44834194-F9F1-46C8-B70C-2FAC81FECD8F}.Debug|Any CPU.Build.0 = Debug|Any CPU
		{44834194-F9F1-46C8-B70C-2FAC81FECD8F}.Release|Any CPU.ActiveCfg = Release|Any CPU
		{44834194-F9F1-46C8-B70C-2FAC81FECD8F}.Release|Any CPU.Build.0 = Release|Any CPU
		{0E8BB19F-1CEE-4F72-9EF4-A2266EAF8285}.Debug|Any CPU.ActiveCfg = Debug|Any CPU
		{0E8BB19F-1CEE-4F72-9EF4-A2266EAF8285}.Debug|Any CPU.Build.0 = Debug|Any CPU
		{0E8BB19F-1CEE-4F72-9EF4-A2266EAF8285}.Release|Any CPU.ActiveCfg = Release|Any CPU
		{0E8BB19F-1CEE-4F72-9EF4-A2266EAF8285}.Release|Any CPU.Build.0 = Release|Any CPU
		{A5678032-789C-420C-84E6-57FEAFBA2524}.Debug|Any CPU.ActiveCfg = Debug|Any CPU
		{A5678032-789C-420C-84E6-57FEAFBA2524}.Debug|Any CPU.Build.0 = Debug|Any CPU
		{A5678032-789C-420C-84E6-57FEAFBA2524}.Release|Any CPU.ActiveCfg = Release|Any CPU
		{A5678032-789C-420C-84E6-57FEAFBA2524}.Release|Any CPU.Build.0 = Release|Any CPU
		{8E5715E2-BDFD-4CCD-BC5F-55D59975E0B3}.Debug|Any CPU.ActiveCfg = Debug|Any CPU
		{8E5715E2-BDFD-4CCD-BC5F-55D59975E0B3}.Debug|Any CPU.Build.0 = Debug|Any CPU
		{8E5715E2-BDFD-4CCD-BC5F-55D59975E0B3}.Release|Any CPU.ActiveCfg = Release|Any CPU
		{8E5715E2-BDFD-4CCD-BC5F-55D59975E0B3}.Release|Any CPU.Build.0 = Release|Any CPU
		{F3D28033-5ED2-4171-9895-7DDF98F7052F}.Debug|Any CPU.ActiveCfg = Debug|Any CPU
		{F3D28033-5ED2-4171-9895-7DDF98F7052F}.Debug|Any CPU.Build.0 = Debug|Any CPU
		{F3D28033-5ED2-4171-9895-7DDF98F7052F}.Release|Any CPU.ActiveCfg = Release|Any CPU
		{F3D28033-5ED2-4171-9895-7DDF98F7052F}.Release|Any CPU.Build.0 = Release|Any CPU
		{A64835DA-9B57-4DCB-BFA2-FE6CF97B760F}.Debug|Any CPU.ActiveCfg = Debug|Any CPU
		{A64835DA-9B57-4DCB-BFA2-FE6CF97B760F}.Debug|Any CPU.Build.0 = Debug|Any CPU
		{A64835DA-9B57-4DCB-BFA2-FE6CF97B760F}.Release|Any CPU.ActiveCfg = Release|Any CPU
		{A64835DA-9B57-4DCB-BFA2-FE6CF97B760F}.Release|Any CPU.Build.0 = Release|Any CPU
		{63A50A71-2DDC-4530-A0D5-56B7FD378F2A}.Debug|Any CPU.ActiveCfg = Debug|Any CPU
		{63A50A71-2DDC-4530-A0D5-56B7FD378F2A}.Debug|Any CPU.Build.0 = Debug|Any CPU
		{63A50A71-2DDC-4530-A0D5-56B7FD378F2A}.Release|Any CPU.ActiveCfg = Release|Any CPU
		{63A50A71-2DDC-4530-A0D5-56B7FD378F2A}.Release|Any CPU.Build.0 = Release|Any CPU
		{BEA307A2-6FB9-4012-BBE8-E0C3CE1E9F87}.Debug|Any CPU.ActiveCfg = Debug|Any CPU
		{BEA307A2-6FB9-4012-BBE8-E0C3CE1E9F87}.Debug|Any CPU.Build.0 = Debug|Any CPU
		{BEA307A2-6FB9-4012-BBE8-E0C3CE1E9F87}.Release|Any CPU.ActiveCfg = Release|Any CPU
		{BEA307A2-6FB9-4012-BBE8-E0C3CE1E9F87}.Release|Any CPU.Build.0 = Release|Any CPU
	EndGlobalSection
	GlobalSection(SolutionProperties) = preSolution
		HideSolutionNode = FALSE
	EndGlobalSection
EndGlobal
