
Microsoft Visual Studio Solution File, Format Version 10.00
# Visual Studio 2008
Project("{FAE04EC0-301F-11D3-BF4B-00C04F79EFBC}") = "APAX-PAC-BackupSys", "APAX-PAC-BackupSys\APAX-PAC-BackupSys.csproj", "{B0A983EF-91B1-48E2-9B6B-2A3EF4B55C38}"
EndProject
Global
	GlobalSection(SolutionConfigurationPlatforms) = preSolution
		Debug|Any CPU = Debug|Any CPU
		Release|Any CPU = Release|Any CPU
	EndGlobalSection
	GlobalSection(ProjectConfigurationPlatforms) = postSolution
		{B0A983EF-91B1-48E2-9B6B-2A3EF4B55C38}.Debug|Any CPU.ActiveCfg = Debug|Any CPU
		{B0A983EF-91B1-48E2-9B6B-2A3EF4B55C38}.Debug|Any CPU.Build.0 = Debug|Any CPU
		{B0A983EF-91B1-48E2-9B6B-2A3EF4B55C38}.Release|Any CPU.ActiveCfg = Release|Any CPU
		{B0A983EF-91B1-48E2-9B6B-2A3EF4B55C38}.Release|Any CPU.Build.0 = Release|Any CPU
	EndGlobalSection
	GlobalSection(SolutionProperties) = preSolution
		HideSolutionNode = FALSE
	EndGlobalSection
EndGlobal
