
Microsoft Visual Studio Solution File, Format Version 10.00
# Visual Studio 2008
Project("{FAE04EC0-301F-11D3-BF4B-00C04F79EFBC}") = "ADAM-6200-REST", "ADAM-6200-REST\ADAM-6200-REST.csproj", "{9E7E2F7D-22DD-4D11-9388-23D75A67F8D2}"
EndProject
Global
	GlobalSection(SolutionConfigurationPlatforms) = preSolution
		Debug|Any CPU = Debug|Any CPU
		Release|Any CPU = Release|Any CPU
	EndGlobalSection
	GlobalSection(ProjectConfigurationPlatforms) = postSolution
		{9E7E2F7D-22DD-4D11-9388-23D75A67F8D2}.Debug|Any CPU.ActiveCfg = Debug|Any CPU
		{9E7E2F7D-22DD-4D11-9388-23D75A67F8D2}.Debug|Any CPU.Build.0 = Debug|Any CPU
		{9E7E2F7D-22DD-4D11-9388-23D75A67F8D2}.Debug|Any CPU.Deploy.0 = Debug|Any CPU
		{9E7E2F7D-22DD-4D11-9388-23D75A67F8D2}.Release|Any CPU.ActiveCfg = Release|Any CPU
		{9E7E2F7D-22DD-4D11-9388-23D75A67F8D2}.Release|Any CPU.Build.0 = Release|Any CPU
		{9E7E2F7D-22DD-4D11-9388-23D75A67F8D2}.Release|Any CPU.Deploy.0 = Release|Any CPU
	EndGlobalSection
	GlobalSection(SolutionProperties) = preSolution
		HideSolutionNode = FALSE
	EndGlobalSection
EndGlobal
