
Microsoft Visual Studio Solution File, Format Version 10.00
# Visual Studio 2008
Project("{FAE04EC0-301F-11D3-BF4B-00C04F79EFBC}") = "Adam5024", "Adam5024.csproj", "{DA97479B-191F-423F-AB79-CFA8EFE87DEC}"
EndProject
Global
	GlobalSection(SolutionConfigurationPlatforms) = preSolution
		Debug|Any CPU = Debug|Any CPU
		Release|Any CPU = Release|Any CPU
	EndGlobalSection
	GlobalSection(ProjectConfigurationPlatforms) = postSolution
		{DA97479B-191F-423F-AB79-CFA8EFE87DEC}.Debug|Any CPU.ActiveCfg = Debug|Any CPU
		{DA97479B-191F-423F-AB79-CFA8EFE87DEC}.Debug|Any CPU.Build.0 = Debug|Any CPU
		{DA97479B-191F-423F-AB79-CFA8EFE87DEC}.Debug|Any CPU.Deploy.0 = Debug|Any CPU
		{DA97479B-191F-423F-AB79-CFA8EFE87DEC}.Release|Any CPU.ActiveCfg = Release|Any CPU
		{DA97479B-191F-423F-AB79-CFA8EFE87DEC}.Release|Any CPU.Build.0 = Release|Any CPU
		{DA97479B-191F-423F-AB79-CFA8EFE87DEC}.Release|Any CPU.Deploy.0 = Release|Any CPU
	EndGlobalSection
	GlobalSection(SolutionProperties) = preSolution
		HideSolutionNode = FALSE
	EndGlobalSection
EndGlobal
