Microsoft Visual Studio Solution File, Format Version 10.00
# Visual Studio 2008
Project("{F184B08F-C81C-45F6-A57F-5ABD9991F28F}") = "Adam50XXDIO", "Adam50XXDIO.vbproj", "{D7DC01AC-136E-4AC7-8757-E922E1BC22F0}"
EndProject
Global
	GlobalSection(SolutionConfigurationPlatforms) = preSolution
		Debug|Any CPU = Debug|Any CPU
		Release|Any CPU = Release|Any CPU
	EndGlobalSection
	GlobalSection(ProjectConfigurationPlatforms) = postSolution
		{D7DC01AC-136E-4AC7-8757-E922E1BC22F0}.Debug|Any CPU.ActiveCfg = Debug|Any CPU
		{D7DC01AC-136E-4AC7-8757-E922E1BC22F0}.Debug|Any CPU.Build.0 = Debug|Any CPU
		{D7DC01AC-136E-4AC7-8757-E922E1BC22F0}.Debug|Any CPU.Deploy.0 = Debug|Any CPU
		{D7DC01AC-136E-4AC7-8757-E922E1BC22F0}.Release|Any CPU.ActiveCfg = Release|Any CPU
		{D7DC01AC-136E-4AC7-8757-E922E1BC22F0}.Release|Any CPU.Build.0 = Release|Any CPU
		{D7DC01AC-136E-4AC7-8757-E922E1BC22F0}.Release|Any CPU.Deploy.0 = Release|Any CPU
	EndGlobalSection
	GlobalSection(SolutionProperties) = preSolution
		HideSolutionNode = FALSE
	EndGlobalSection
EndGlobal
