
Microsoft Visual Studio Solution File, Format Version 10.00
# Visual Studio 2008
Project("{FAE04EC0-301F-11D3-BF4B-00C04F79EFBC}") = "Adam4017_18", "Adam4017_18.csproj", "{F8D0A42E-C192-4D19-A01B-516026F6D1CB}"
EndProject
Global
	GlobalSection(SolutionConfigurationPlatforms) = preSolution
		Debug|Any CPU = Debug|Any CPU
		Release|Any CPU = Release|Any CPU
	EndGlobalSection
	GlobalSection(ProjectConfigurationPlatforms) = postSolution
		{F8D0A42E-C192-4D19-A01B-516026F6D1CB}.Debug|Any CPU.ActiveCfg = Debug|Any CPU
		{F8D0A42E-C192-4D19-A01B-516026F6D1CB}.Debug|Any CPU.Build.0 = Debug|Any CPU
		{F8D0A42E-C192-4D19-A01B-516026F6D1CB}.Debug|Any CPU.Deploy.0 = Debug|Any CPU
		{F8D0A42E-C192-4D19-A01B-516026F6D1CB}.Release|Any CPU.ActiveCfg = Release|Any CPU
		{F8D0A42E-C192-4D19-A01B-516026F6D1CB}.Release|Any CPU.Build.0 = Release|Any CPU
		{F8D0A42E-C192-4D19-A01B-516026F6D1CB}.Release|Any CPU.Deploy.0 = Release|Any CPU
	EndGlobalSection
	GlobalSection(SolutionProperties) = preSolution
		HideSolutionNode = FALSE
	EndGlobalSection
EndGlobal
