
Microsoft Visual Studio Solution File, Format Version 10.00
# Visual Studio 2008
Project("{8BC9CEB8-8B4A-11D0-8D11-00A0C91BC942}") = "APAX-5040", "APAX-5040\APAX-5040.vcproj", "{4F2C3195-1B16-4C7C-BC99-625C948AC845}"
EndProject
Project("{8BC9CEB8-8B4A-11D0-8D11-00A0C91BC942}") = "APAX-5046", "APAX-5046\APAX-5046.vcproj", "{12DB12EA-8E1D-49AA-BF68-3D64F9C21428}"
EndProject
Project("{8BC9CEB8-8B4A-11D0-8D11-00A0C91BC942}") = "APAX-5013", "APAX-5013\APAX-5013.vcproj", "{B04BB0D3-8863-4E5F-8C69-8A2B3BE8A17A}"
EndProject
Project("{8BC9CEB8-8B4A-11D0-8D11-00A0C91BC942}") = "APAX-5017", "APAX-5017\APAX-5017.vcproj", "{A85E4DFA-3257-4301-909A-76B84E5620C8}"
EndProject
Project("{8BC9CEB8-8B4A-11D0-8D11-00A0C91BC942}") = "APAX-5017H", "APAX-5017H\APAX-5017H.vcproj", "{5DD76364-F4D6-4D19-9E2B-31A73466B63D}"
EndProject
Project("{8BC9CEB8-8B4A-11D0-8D11-00A0C91BC942}") = "APAX-5018", "APAX-5018\APAX-5018.vcproj", "{18DFDEA1-C89A-4409-B2E6-8CCB2B247C79}"
EndProject
Project("{8BC9CEB8-8B4A-11D0-8D11-00A0C91BC942}") = "APAX-5028", "APAX-5028\APAX-5028.vcproj", "{B253279E-70EA-41B0-B1E2-0D311521CB96}"
EndProject
Project("{8BC9CEB8-8B4A-11D0-8D11-00A0C91BC942}") = "APAX-5045", "APAX-5045\APAX-5045.vcproj", "{ECAC005E-F90C-4D87-ADB2-C5C1E36DB54C}"
EndProject
Project("{8BC9CEB8-8B4A-11D0-8D11-00A0C91BC942}") = "APAX-5060", "APAX-5060\APAX-5060.vcproj", "{FC7D4875-198A-4AD8-BD1D-BF029E321259}"
EndProject
Project("{8BC9CEB8-8B4A-11D0-8D11-00A0C91BC942}") = "APAX-5080", "APAX-5080\APAX-5080.vcproj", "{22C211B5-D049-442F-905A-597725C7211E}"
EndProject
Project("{8BC9CEB8-8B4A-11D0-8D11-00A0C91BC942}") = "APAX-5082", "APAX-5082\APAX-5082.vcproj", "{3449E313-4929-4A23-AB37-08C77FD8E9BD}"
EndProject
Project("{8BC9CEB8-8B4A-11D0-8D11-00A0C91BC942}") = "APAX-5017PE", "APAX-5017PE\APAX-5017PE.vcproj", "{4172E927-8A55-47C5-91E5-6AA871803EDC}"
EndProject
Project("{8BC9CEB8-8B4A-11D0-8D11-00A0C91BC942}") = "APAX-5040PE", "APAX-5040PE\APAX-5040PE.vcproj", "{52F48F37-0014-4778-A95C-DE3C607DDD6D}"
EndProject
Project("{8BC9CEB8-8B4A-11D0-8D11-00A0C91BC942}") = "APAX-5060PE", "APAX-5060PE\APAX-5060PE.vcproj", "{D0CAD56C-6B9E-4D07-9F32-DCBE464F1C71}"
EndProject
Project("{8BC9CEB8-8B4A-11D0-8D11-00A0C91BC942}") = "APAX-5046SO", "APAX-5046SO\APAX-5046SO.vcproj", "{1E415078-34C6-472D-A271-E2D0C583619E}"
EndProject
Global
	GlobalSection(SolutionConfigurationPlatforms) = preSolution
		Debug|STANDARDSDK_500 (ARMV4I) = Debug|STANDARDSDK_500 (ARMV4I)
		Debug|STANDARDSDK_500 (x86) = Debug|STANDARDSDK_500 (x86)
		Release|STANDARDSDK_500 (ARMV4I) = Release|STANDARDSDK_500 (ARMV4I)
		Release|STANDARDSDK_500 (x86) = Release|STANDARDSDK_500 (x86)
	EndGlobalSection
	GlobalSection(ProjectConfigurationPlatforms) = postSolution
		{4F2C3195-1B16-4C7C-BC99-625C948AC845}.Debug|STANDARDSDK_500 (ARMV4I).ActiveCfg = Debug|STANDARDSDK_500 (ARMV4I)
		{4F2C3195-1B16-4C7C-BC99-625C948AC845}.Debug|STANDARDSDK_500 (ARMV4I).Build.0 = Debug|STANDARDSDK_500 (ARMV4I)
		{4F2C3195-1B16-4C7C-BC99-625C948AC845}.Debug|STANDARDSDK_500 (ARMV4I).Deploy.0 = Debug|STANDARDSDK_500 (ARMV4I)
		{4F2C3195-1B16-4C7C-BC99-625C948AC845}.Debug|STANDARDSDK_500 (x86).ActiveCfg = Debug|STANDARDSDK_500 (x86)
		{4F2C3195-1B16-4C7C-BC99-625C948AC845}.Debug|STANDARDSDK_500 (x86).Build.0 = Debug|STANDARDSDK_500 (x86)
		{4F2C3195-1B16-4C7C-BC99-625C948AC845}.Debug|STANDARDSDK_500 (x86).Deploy.0 = Debug|STANDARDSDK_500 (x86)
		{4F2C3195-1B16-4C7C-BC99-625C948AC845}.Release|STANDARDSDK_500 (ARMV4I).ActiveCfg = Release|STANDARDSDK_500 (ARMV4I)
		{4F2C3195-1B16-4C7C-BC99-625C948AC845}.Release|STANDARDSDK_500 (ARMV4I).Build.0 = Release|STANDARDSDK_500 (ARMV4I)
		{4F2C3195-1B16-4C7C-BC99-625C948AC845}.Release|STANDARDSDK_500 (ARMV4I).Deploy.0 = Release|STANDARDSDK_500 (ARMV4I)
		{4F2C3195-1B16-4C7C-BC99-625C948AC845}.Release|STANDARDSDK_500 (x86).ActiveCfg = Release|STANDARDSDK_500 (x86)
		{4F2C3195-1B16-4C7C-BC99-625C948AC845}.Release|STANDARDSDK_500 (x86).Build.0 = Release|STANDARDSDK_500 (x86)
		{4F2C3195-1B16-4C7C-BC99-625C948AC845}.Release|STANDARDSDK_500 (x86).Deploy.0 = Release|STANDARDSDK_500 (x86)
		{12DB12EA-8E1D-49AA-BF68-3D64F9C21428}.Debug|STANDARDSDK_500 (ARMV4I).ActiveCfg = Debug|STANDARDSDK_500 (ARMV4I)
		{12DB12EA-8E1D-49AA-BF68-3D64F9C21428}.Debug|STANDARDSDK_500 (ARMV4I).Build.0 = Debug|STANDARDSDK_500 (ARMV4I)
		{12DB12EA-8E1D-49AA-BF68-3D64F9C21428}.Debug|STANDARDSDK_500 (ARMV4I).Deploy.0 = Debug|STANDARDSDK_500 (ARMV4I)
		{12DB12EA-8E1D-49AA-BF68-3D64F9C21428}.Debug|STANDARDSDK_500 (x86).ActiveCfg = Debug|STANDARDSDK_500 (x86)
		{12DB12EA-8E1D-49AA-BF68-3D64F9C21428}.Debug|STANDARDSDK_500 (x86).Build.0 = Debug|STANDARDSDK_500 (x86)
		{12DB12EA-8E1D-49AA-BF68-3D64F9C21428}.Debug|STANDARDSDK_500 (x86).Deploy.0 = Debug|STANDARDSDK_500 (x86)
		{12DB12EA-8E1D-49AA-BF68-3D64F9C21428}.Release|STANDARDSDK_500 (ARMV4I).ActiveCfg = Release|STANDARDSDK_500 (ARMV4I)
		{12DB12EA-8E1D-49AA-BF68-3D64F9C21428}.Release|STANDARDSDK_500 (ARMV4I).Build.0 = Release|STANDARDSDK_500 (ARMV4I)
		{12DB12EA-8E1D-49AA-BF68-3D64F9C21428}.Release|STANDARDSDK_500 (ARMV4I).Deploy.0 = Release|STANDARDSDK_500 (ARMV4I)
		{12DB12EA-8E1D-49AA-BF68-3D64F9C21428}.Release|STANDARDSDK_500 (x86).ActiveCfg = Release|STANDARDSDK_500 (x86)
		{12DB12EA-8E1D-49AA-BF68-3D64F9C21428}.Release|STANDARDSDK_500 (x86).Build.0 = Release|STANDARDSDK_500 (x86)
		{12DB12EA-8E1D-49AA-BF68-3D64F9C21428}.Release|STANDARDSDK_500 (x86).Deploy.0 = Release|STANDARDSDK_500 (x86)
		{B04BB0D3-8863-4E5F-8C69-8A2B3BE8A17A}.Debug|STANDARDSDK_500 (ARMV4I).ActiveCfg = Debug|STANDARDSDK_500 (ARMV4I)
		{B04BB0D3-8863-4E5F-8C69-8A2B3BE8A17A}.Debug|STANDARDSDK_500 (ARMV4I).Build.0 = Debug|STANDARDSDK_500 (ARMV4I)
		{B04BB0D3-8863-4E5F-8C69-8A2B3BE8A17A}.Debug|STANDARDSDK_500 (ARMV4I).Deploy.0 = Debug|STANDARDSDK_500 (ARMV4I)
		{B04BB0D3-8863-4E5F-8C69-8A2B3BE8A17A}.Debug|STANDARDSDK_500 (x86).ActiveCfg = Debug|STANDARDSDK_500 (x86)
		{B04BB0D3-8863-4E5F-8C69-8A2B3BE8A17A}.Debug|STANDARDSDK_500 (x86).Build.0 = Debug|STANDARDSDK_500 (x86)
		{B04BB0D3-8863-4E5F-8C69-8A2B3BE8A17A}.Debug|STANDARDSDK_500 (x86).Deploy.0 = Debug|STANDARDSDK_500 (x86)
		{B04BB0D3-8863-4E5F-8C69-8A2B3BE8A17A}.Release|STANDARDSDK_500 (ARMV4I).ActiveCfg = Release|STANDARDSDK_500 (ARMV4I)
		{B04BB0D3-8863-4E5F-8C69-8A2B3BE8A17A}.Release|STANDARDSDK_500 (ARMV4I).Build.0 = Release|STANDARDSDK_500 (ARMV4I)
		{B04BB0D3-8863-4E5F-8C69-8A2B3BE8A17A}.Release|STANDARDSDK_500 (ARMV4I).Deploy.0 = Release|STANDARDSDK_500 (ARMV4I)
		{B04BB0D3-8863-4E5F-8C69-8A2B3BE8A17A}.Release|STANDARDSDK_500 (x86).ActiveCfg = Release|STANDARDSDK_500 (x86)
		{B04BB0D3-8863-4E5F-8C69-8A2B3BE8A17A}.Release|STANDARDSDK_500 (x86).Build.0 = Release|STANDARDSDK_500 (x86)
		{B04BB0D3-8863-4E5F-8C69-8A2B3BE8A17A}.Release|STANDARDSDK_500 (x86).Deploy.0 = Release|STANDARDSDK_500 (x86)
		{A85E4DFA-3257-4301-909A-76B84E5620C8}.Debug|STANDARDSDK_500 (ARMV4I).ActiveCfg = Debug|STANDARDSDK_500 (ARMV4I)
		{A85E4DFA-3257-4301-909A-76B84E5620C8}.Debug|STANDARDSDK_500 (ARMV4I).Build.0 = Debug|STANDARDSDK_500 (ARMV4I)
		{A85E4DFA-3257-4301-909A-76B84E5620C8}.Debug|STANDARDSDK_500 (ARMV4I).Deploy.0 = Debug|STANDARDSDK_500 (ARMV4I)
		{A85E4DFA-3257-4301-909A-76B84E5620C8}.Debug|STANDARDSDK_500 (x86).ActiveCfg = Debug|STANDARDSDK_500 (x86)
		{A85E4DFA-3257-4301-909A-76B84E5620C8}.Debug|STANDARDSDK_500 (x86).Build.0 = Debug|STANDARDSDK_500 (x86)
		{A85E4DFA-3257-4301-909A-76B84E5620C8}.Debug|STANDARDSDK_500 (x86).Deploy.0 = Debug|STANDARDSDK_500 (x86)
		{A85E4DFA-3257-4301-909A-76B84E5620C8}.Release|STANDARDSDK_500 (ARMV4I).ActiveCfg = Release|STANDARDSDK_500 (ARMV4I)
		{A85E4DFA-3257-4301-909A-76B84E5620C8}.Release|STANDARDSDK_500 (ARMV4I).Build.0 = Release|STANDARDSDK_500 (ARMV4I)
		{A85E4DFA-3257-4301-909A-76B84E5620C8}.Release|STANDARDSDK_500 (ARMV4I).Deploy.0 = Release|STANDARDSDK_500 (ARMV4I)
		{A85E4DFA-3257-4301-909A-76B84E5620C8}.Release|STANDARDSDK_500 (x86).ActiveCfg = Release|STANDARDSDK_500 (x86)
		{A85E4DFA-3257-4301-909A-76B84E5620C8}.Release|STANDARDSDK_500 (x86).Build.0 = Release|STANDARDSDK_500 (x86)
		{A85E4DFA-3257-4301-909A-76B84E5620C8}.Release|STANDARDSDK_500 (x86).Deploy.0 = Release|STANDARDSDK_500 (x86)
		{5DD76364-F4D6-4D19-9E2B-31A73466B63D}.Debug|STANDARDSDK_500 (ARMV4I).ActiveCfg = Debug|STANDARDSDK_500 (ARMV4I)
		{5DD76364-F4D6-4D19-9E2B-31A73466B63D}.Debug|STANDARDSDK_500 (ARMV4I).Build.0 = Debug|STANDARDSDK_500 (ARMV4I)
		{5DD76364-F4D6-4D19-9E2B-31A73466B63D}.Debug|STANDARDSDK_500 (ARMV4I).Deploy.0 = Debug|STANDARDSDK_500 (ARMV4I)
		{5DD76364-F4D6-4D19-9E2B-31A73466B63D}.Debug|STANDARDSDK_500 (x86).ActiveCfg = Debug|STANDARDSDK_500 (x86)
		{5DD76364-F4D6-4D19-9E2B-31A73466B63D}.Debug|STANDARDSDK_500 (x86).Build.0 = Debug|STANDARDSDK_500 (x86)
		{5DD76364-F4D6-4D19-9E2B-31A73466B63D}.Debug|STANDARDSDK_500 (x86).Deploy.0 = Debug|STANDARDSDK_500 (x86)
		{5DD76364-F4D6-4D19-9E2B-31A73466B63D}.Release|STANDARDSDK_500 (ARMV4I).ActiveCfg = Release|STANDARDSDK_500 (ARMV4I)
		{5DD76364-F4D6-4D19-9E2B-31A73466B63D}.Release|STANDARDSDK_500 (ARMV4I).Build.0 = Release|STANDARDSDK_500 (ARMV4I)
		{5DD76364-F4D6-4D19-9E2B-31A73466B63D}.Release|STANDARDSDK_500 (ARMV4I).Deploy.0 = Release|STANDARDSDK_500 (ARMV4I)
		{5DD76364-F4D6-4D19-9E2B-31A73466B63D}.Release|STANDARDSDK_500 (x86).ActiveCfg = Release|STANDARDSDK_500 (x86)
		{5DD76364-F4D6-4D19-9E2B-31A73466B63D}.Release|STANDARDSDK_500 (x86).Build.0 = Release|STANDARDSDK_500 (x86)
		{5DD76364-F4D6-4D19-9E2B-31A73466B63D}.Release|STANDARDSDK_500 (x86).Deploy.0 = Release|STANDARDSDK_500 (x86)
		{18DFDEA1-C89A-4409-B2E6-8CCB2B247C79}.Debug|STANDARDSDK_500 (ARMV4I).ActiveCfg = Debug|STANDARDSDK_500 (ARMV4I)
		{18DFDEA1-C89A-4409-B2E6-8CCB2B247C79}.Debug|STANDARDSDK_500 (ARMV4I).Build.0 = Debug|STANDARDSDK_500 (ARMV4I)
		{18DFDEA1-C89A-4409-B2E6-8CCB2B247C79}.Debug|STANDARDSDK_500 (ARMV4I).Deploy.0 = Debug|STANDARDSDK_500 (ARMV4I)
		{18DFDEA1-C89A-4409-B2E6-8CCB2B247C79}.Debug|STANDARDSDK_500 (x86).ActiveCfg = Debug|STANDARDSDK_500 (x86)
		{18DFDEA1-C89A-4409-B2E6-8CCB2B247C79}.Debug|STANDARDSDK_500 (x86).Build.0 = Debug|STANDARDSDK_500 (x86)
		{18DFDEA1-C89A-4409-B2E6-8CCB2B247C79}.Debug|STANDARDSDK_500 (x86).Deploy.0 = Debug|STANDARDSDK_500 (x86)
		{18DFDEA1-C89A-4409-B2E6-8CCB2B247C79}.Release|STANDARDSDK_500 (ARMV4I).ActiveCfg = Release|STANDARDSDK_500 (ARMV4I)
		{18DFDEA1-C89A-4409-B2E6-8CCB2B247C79}.Release|STANDARDSDK_500 (ARMV4I).Build.0 = Release|STANDARDSDK_500 (ARMV4I)
		{18DFDEA1-C89A-4409-B2E6-8CCB2B247C79}.Release|STANDARDSDK_500 (ARMV4I).Deploy.0 = Release|STANDARDSDK_500 (ARMV4I)
		{18DFDEA1-C89A-4409-B2E6-8CCB2B247C79}.Release|STANDARDSDK_500 (x86).ActiveCfg = Release|STANDARDSDK_500 (x86)
		{18DFDEA1-C89A-4409-B2E6-8CCB2B247C79}.Release|STANDARDSDK_500 (x86).Build.0 = Release|STANDARDSDK_500 (x86)
		{18DFDEA1-C89A-4409-B2E6-8CCB2B247C79}.Release|STANDARDSDK_500 (x86).Deploy.0 = Release|STANDARDSDK_500 (x86)
		{B253279E-70EA-41B0-B1E2-0D311521CB96}.Debug|STANDARDSDK_500 (ARMV4I).ActiveCfg = Debug|STANDARDSDK_500 (ARMV4I)
		{B253279E-70EA-41B0-B1E2-0D311521CB96}.Debug|STANDARDSDK_500 (ARMV4I).Build.0 = Debug|STANDARDSDK_500 (ARMV4I)
		{B253279E-70EA-41B0-B1E2-0D311521CB96}.Debug|STANDARDSDK_500 (ARMV4I).Deploy.0 = Debug|STANDARDSDK_500 (ARMV4I)
		{B253279E-70EA-41B0-B1E2-0D311521CB96}.Debug|STANDARDSDK_500 (x86).ActiveCfg = Debug|STANDARDSDK_500 (x86)
		{B253279E-70EA-41B0-B1E2-0D311521CB96}.Debug|STANDARDSDK_500 (x86).Build.0 = Debug|STANDARDSDK_500 (x86)
		{B253279E-70EA-41B0-B1E2-0D311521CB96}.Debug|STANDARDSDK_500 (x86).Deploy.0 = Debug|STANDARDSDK_500 (x86)
		{B253279E-70EA-41B0-B1E2-0D311521CB96}.Release|STANDARDSDK_500 (ARMV4I).ActiveCfg = Release|STANDARDSDK_500 (ARMV4I)
		{B253279E-70EA-41B0-B1E2-0D311521CB96}.Release|STANDARDSDK_500 (ARMV4I).Build.0 = Release|STANDARDSDK_500 (ARMV4I)
		{B253279E-70EA-41B0-B1E2-0D311521CB96}.Release|STANDARDSDK_500 (ARMV4I).Deploy.0 = Release|STANDARDSDK_500 (ARMV4I)
		{B253279E-70EA-41B0-B1E2-0D311521CB96}.Release|STANDARDSDK_500 (x86).ActiveCfg = Release|STANDARDSDK_500 (x86)
		{B253279E-70EA-41B0-B1E2-0D311521CB96}.Release|STANDARDSDK_500 (x86).Build.0 = Release|STANDARDSDK_500 (x86)
		{B253279E-70EA-41B0-B1E2-0D311521CB96}.Release|STANDARDSDK_500 (x86).Deploy.0 = Release|STANDARDSDK_500 (x86)
		{ECAC005E-F90C-4D87-ADB2-C5C1E36DB54C}.Debug|STANDARDSDK_500 (ARMV4I).ActiveCfg = Debug|STANDARDSDK_500 (ARMV4I)
		{ECAC005E-F90C-4D87-ADB2-C5C1E36DB54C}.Debug|STANDARDSDK_500 (ARMV4I).Build.0 = Debug|STANDARDSDK_500 (ARMV4I)
		{ECAC005E-F90C-4D87-ADB2-C5C1E36DB54C}.Debug|STANDARDSDK_500 (ARMV4I).Deploy.0 = Debug|STANDARDSDK_500 (ARMV4I)
		{ECAC005E-F90C-4D87-ADB2-C5C1E36DB54C}.Debug|STANDARDSDK_500 (x86).ActiveCfg = Debug|STANDARDSDK_500 (x86)
		{ECAC005E-F90C-4D87-ADB2-C5C1E36DB54C}.Debug|STANDARDSDK_500 (x86).Build.0 = Debug|STANDARDSDK_500 (x86)
		{ECAC005E-F90C-4D87-ADB2-C5C1E36DB54C}.Debug|STANDARDSDK_500 (x86).Deploy.0 = Debug|STANDARDSDK_500 (x86)
		{ECAC005E-F90C-4D87-ADB2-C5C1E36DB54C}.Release|STANDARDSDK_500 (ARMV4I).ActiveCfg = Release|STANDARDSDK_500 (ARMV4I)
		{ECAC005E-F90C-4D87-ADB2-C5C1E36DB54C}.Release|STANDARDSDK_500 (ARMV4I).Build.0 = Release|STANDARDSDK_500 (ARMV4I)
		{ECAC005E-F90C-4D87-ADB2-C5C1E36DB54C}.Release|STANDARDSDK_500 (ARMV4I).Deploy.0 = Release|STANDARDSDK_500 (ARMV4I)
		{ECAC005E-F90C-4D87-ADB2-C5C1E36DB54C}.Release|STANDARDSDK_500 (x86).ActiveCfg = Release|STANDARDSDK_500 (x86)
		{ECAC005E-F90C-4D87-ADB2-C5C1E36DB54C}.Release|STANDARDSDK_500 (x86).Build.0 = Release|STANDARDSDK_500 (x86)
		{ECAC005E-F90C-4D87-ADB2-C5C1E36DB54C}.Release|STANDARDSDK_500 (x86).Deploy.0 = Release|STANDARDSDK_500 (x86)
		{FC7D4875-198A-4AD8-BD1D-BF029E321259}.Debug|STANDARDSDK_500 (ARMV4I).ActiveCfg = Debug|STANDARDSDK_500 (ARMV4I)
		{FC7D4875-198A-4AD8-BD1D-BF029E321259}.Debug|STANDARDSDK_500 (ARMV4I).Build.0 = Debug|STANDARDSDK_500 (ARMV4I)
		{FC7D4875-198A-4AD8-BD1D-BF029E321259}.Debug|STANDARDSDK_500 (ARMV4I).Deploy.0 = Debug|STANDARDSDK_500 (ARMV4I)
		{FC7D4875-198A-4AD8-BD1D-BF029E321259}.Debug|STANDARDSDK_500 (x86).ActiveCfg = Debug|STANDARDSDK_500 (x86)
		{FC7D4875-198A-4AD8-BD1D-BF029E321259}.Debug|STANDARDSDK_500 (x86).Build.0 = Debug|STANDARDSDK_500 (x86)
		{FC7D4875-198A-4AD8-BD1D-BF029E321259}.Debug|STANDARDSDK_500 (x86).Deploy.0 = Debug|STANDARDSDK_500 (x86)
		{FC7D4875-198A-4AD8-BD1D-BF029E321259}.Release|STANDARDSDK_500 (ARMV4I).ActiveCfg = Release|STANDARDSDK_500 (ARMV4I)
		{FC7D4875-198A-4AD8-BD1D-BF029E321259}.Release|STANDARDSDK_500 (ARMV4I).Build.0 = Release|STANDARDSDK_500 (ARMV4I)
		{FC7D4875-198A-4AD8-BD1D-BF029E321259}.Release|STANDARDSDK_500 (ARMV4I).Deploy.0 = Release|STANDARDSDK_500 (ARMV4I)
		{FC7D4875-198A-4AD8-BD1D-BF029E321259}.Release|STANDARDSDK_500 (x86).ActiveCfg = Release|STANDARDSDK_500 (x86)
		{FC7D4875-198A-4AD8-BD1D-BF029E321259}.Release|STANDARDSDK_500 (x86).Build.0 = Release|STANDARDSDK_500 (x86)
		{FC7D4875-198A-4AD8-BD1D-BF029E321259}.Release|STANDARDSDK_500 (x86).Deploy.0 = Release|STANDARDSDK_500 (x86)
		{22C211B5-D049-442F-905A-597725C7211E}.Debug|STANDARDSDK_500 (ARMV4I).ActiveCfg = Debug|STANDARDSDK_500 (ARMV4I)
		{22C211B5-D049-442F-905A-597725C7211E}.Debug|STANDARDSDK_500 (ARMV4I).Build.0 = Debug|STANDARDSDK_500 (ARMV4I)
		{22C211B5-D049-442F-905A-597725C7211E}.Debug|STANDARDSDK_500 (ARMV4I).Deploy.0 = Debug|STANDARDSDK_500 (ARMV4I)
		{22C211B5-D049-442F-905A-597725C7211E}.Debug|STANDARDSDK_500 (x86).ActiveCfg = Debug|STANDARDSDK_500 (x86)
		{22C211B5-D049-442F-905A-597725C7211E}.Debug|STANDARDSDK_500 (x86).Build.0 = Debug|STANDARDSDK_500 (x86)
		{22C211B5-D049-442F-905A-597725C7211E}.Debug|STANDARDSDK_500 (x86).Deploy.0 = Debug|STANDARDSDK_500 (x86)
		{22C211B5-D049-442F-905A-597725C7211E}.Release|STANDARDSDK_500 (ARMV4I).ActiveCfg = Release|STANDARDSDK_500 (ARMV4I)
		{22C211B5-D049-442F-905A-597725C7211E}.Release|STANDARDSDK_500 (ARMV4I).Build.0 = Release|STANDARDSDK_500 (ARMV4I)
		{22C211B5-D049-442F-905A-597725C7211E}.Release|STANDARDSDK_500 (ARMV4I).Deploy.0 = Release|STANDARDSDK_500 (ARMV4I)
		{22C211B5-D049-442F-905A-597725C7211E}.Release|STANDARDSDK_500 (x86).ActiveCfg = Release|STANDARDSDK_500 (x86)
		{22C211B5-D049-442F-905A-597725C7211E}.Release|STANDARDSDK_500 (x86).Build.0 = Release|STANDARDSDK_500 (x86)
		{22C211B5-D049-442F-905A-597725C7211E}.Release|STANDARDSDK_500 (x86).Deploy.0 = Release|STANDARDSDK_500 (x86)
		{3449E313-4929-4A23-AB37-08C77FD8E9BD}.Debug|STANDARDSDK_500 (ARMV4I).ActiveCfg = Debug|STANDARDSDK_500 (ARMV4I)
		{3449E313-4929-4A23-AB37-08C77FD8E9BD}.Debug|STANDARDSDK_500 (ARMV4I).Build.0 = Debug|STANDARDSDK_500 (ARMV4I)
		{3449E313-4929-4A23-AB37-08C77FD8E9BD}.Debug|STANDARDSDK_500 (ARMV4I).Deploy.0 = Debug|STANDARDSDK_500 (ARMV4I)
		{3449E313-4929-4A23-AB37-08C77FD8E9BD}.Debug|STANDARDSDK_500 (x86).ActiveCfg = Debug|STANDARDSDK_500 (x86)
		{3449E313-4929-4A23-AB37-08C77FD8E9BD}.Debug|STANDARDSDK_500 (x86).Build.0 = Debug|STANDARDSDK_500 (x86)
		{3449E313-4929-4A23-AB37-08C77FD8E9BD}.Debug|STANDARDSDK_500 (x86).Deploy.0 = Debug|STANDARDSDK_500 (x86)
		{3449E313-4929-4A23-AB37-08C77FD8E9BD}.Release|STANDARDSDK_500 (ARMV4I).ActiveCfg = Release|STANDARDSDK_500 (ARMV4I)
		{3449E313-4929-4A23-AB37-08C77FD8E9BD}.Release|STANDARDSDK_500 (ARMV4I).Build.0 = Release|STANDARDSDK_500 (ARMV4I)
		{3449E313-4929-4A23-AB37-08C77FD8E9BD}.Release|STANDARDSDK_500 (ARMV4I).Deploy.0 = Release|STANDARDSDK_500 (ARMV4I)
		{3449E313-4929-4A23-AB37-08C77FD8E9BD}.Release|STANDARDSDK_500 (x86).ActiveCfg = Release|STANDARDSDK_500 (x86)
		{3449E313-4929-4A23-AB37-08C77FD8E9BD}.Release|STANDARDSDK_500 (x86).Build.0 = Release|STANDARDSDK_500 (x86)
		{3449E313-4929-4A23-AB37-08C77FD8E9BD}.Release|STANDARDSDK_500 (x86).Deploy.0 = Release|STANDARDSDK_500 (x86)
		{4172E927-8A55-47C5-91E5-6AA871803EDC}.Debug|STANDARDSDK_500 (ARMV4I).ActiveCfg = Debug|STANDARDSDK_500 (ARMV4I)
		{4172E927-8A55-47C5-91E5-6AA871803EDC}.Debug|STANDARDSDK_500 (ARMV4I).Build.0 = Debug|STANDARDSDK_500 (ARMV4I)
		{4172E927-8A55-47C5-91E5-6AA871803EDC}.Debug|STANDARDSDK_500 (ARMV4I).Deploy.0 = Debug|STANDARDSDK_500 (ARMV4I)
		{4172E927-8A55-47C5-91E5-6AA871803EDC}.Debug|STANDARDSDK_500 (x86).ActiveCfg = Debug|STANDARDSDK_500 (x86)
		{4172E927-8A55-47C5-91E5-6AA871803EDC}.Debug|STANDARDSDK_500 (x86).Build.0 = Debug|STANDARDSDK_500 (x86)
		{4172E927-8A55-47C5-91E5-6AA871803EDC}.Debug|STANDARDSDK_500 (x86).Deploy.0 = Debug|STANDARDSDK_500 (x86)
		{4172E927-8A55-47C5-91E5-6AA871803EDC}.Release|STANDARDSDK_500 (ARMV4I).ActiveCfg = Release|STANDARDSDK_500 (ARMV4I)
		{4172E927-8A55-47C5-91E5-6AA871803EDC}.Release|STANDARDSDK_500 (ARMV4I).Build.0 = Release|STANDARDSDK_500 (ARMV4I)
		{4172E927-8A55-47C5-91E5-6AA871803EDC}.Release|STANDARDSDK_500 (ARMV4I).Deploy.0 = Release|STANDARDSDK_500 (ARMV4I)
		{4172E927-8A55-47C5-91E5-6AA871803EDC}.Release|STANDARDSDK_500 (x86).ActiveCfg = Release|STANDARDSDK_500 (x86)
		{4172E927-8A55-47C5-91E5-6AA871803EDC}.Release|STANDARDSDK_500 (x86).Build.0 = Release|STANDARDSDK_500 (x86)
		{4172E927-8A55-47C5-91E5-6AA871803EDC}.Release|STANDARDSDK_500 (x86).Deploy.0 = Release|STANDARDSDK_500 (x86)
		{52F48F37-0014-4778-A95C-DE3C607DDD6D}.Debug|STANDARDSDK_500 (ARMV4I).ActiveCfg = Debug|STANDARDSDK_500 (ARMV4I)
		{52F48F37-0014-4778-A95C-DE3C607DDD6D}.Debug|STANDARDSDK_500 (ARMV4I).Build.0 = Debug|STANDARDSDK_500 (ARMV4I)
		{52F48F37-0014-4778-A95C-DE3C607DDD6D}.Debug|STANDARDSDK_500 (ARMV4I).Deploy.0 = Debug|STANDARDSDK_500 (ARMV4I)
		{52F48F37-0014-4778-A95C-DE3C607DDD6D}.Debug|STANDARDSDK_500 (x86).ActiveCfg = Debug|STANDARDSDK_500 (x86)
		{52F48F37-0014-4778-A95C-DE3C607DDD6D}.Debug|STANDARDSDK_500 (x86).Build.0 = Debug|STANDARDSDK_500 (x86)
		{52F48F37-0014-4778-A95C-DE3C607DDD6D}.Debug|STANDARDSDK_500 (x86).Deploy.0 = Debug|STANDARDSDK_500 (x86)
		{52F48F37-0014-4778-A95C-DE3C607DDD6D}.Release|STANDARDSDK_500 (ARMV4I).ActiveCfg = Release|STANDARDSDK_500 (ARMV4I)
		{52F48F37-0014-4778-A95C-DE3C607DDD6D}.Release|STANDARDSDK_500 (ARMV4I).Build.0 = Release|STANDARDSDK_500 (ARMV4I)
		{52F48F37-0014-4778-A95C-DE3C607DDD6D}.Release|STANDARDSDK_500 (ARMV4I).Deploy.0 = Release|STANDARDSDK_500 (ARMV4I)
		{52F48F37-0014-4778-A95C-DE3C607DDD6D}.Release|STANDARDSDK_500 (x86).ActiveCfg = Release|STANDARDSDK_500 (x86)
		{52F48F37-0014-4778-A95C-DE3C607DDD6D}.Release|STANDARDSDK_500 (x86).Build.0 = Release|STANDARDSDK_500 (x86)
		{52F48F37-0014-4778-A95C-DE3C607DDD6D}.Release|STANDARDSDK_500 (x86).Deploy.0 = Release|STANDARDSDK_500 (x86)
		{D0CAD56C-6B9E-4D07-9F32-DCBE464F1C71}.Debug|STANDARDSDK_500 (ARMV4I).ActiveCfg = Debug|STANDARDSDK_500 (ARMV4I)
		{D0CAD56C-6B9E-4D07-9F32-DCBE464F1C71}.Debug|STANDARDSDK_500 (ARMV4I).Build.0 = Debug|STANDARDSDK_500 (ARMV4I)
		{D0CAD56C-6B9E-4D07-9F32-DCBE464F1C71}.Debug|STANDARDSDK_500 (ARMV4I).Deploy.0 = Debug|STANDARDSDK_500 (ARMV4I)
		{D0CAD56C-6B9E-4D07-9F32-DCBE464F1C71}.Debug|STANDARDSDK_500 (x86).ActiveCfg = Debug|STANDARDSDK_500 (x86)
		{D0CAD56C-6B9E-4D07-9F32-DCBE464F1C71}.Debug|STANDARDSDK_500 (x86).Build.0 = Debug|STANDARDSDK_500 (x86)
		{D0CAD56C-6B9E-4D07-9F32-DCBE464F1C71}.Debug|STANDARDSDK_500 (x86).Deploy.0 = Debug|STANDARDSDK_500 (x86)
		{D0CAD56C-6B9E-4D07-9F32-DCBE464F1C71}.Release|STANDARDSDK_500 (ARMV4I).ActiveCfg = Release|STANDARDSDK_500 (ARMV4I)
		{D0CAD56C-6B9E-4D07-9F32-DCBE464F1C71}.Release|STANDARDSDK_500 (ARMV4I).Build.0 = Release|STANDARDSDK_500 (ARMV4I)
		{D0CAD56C-6B9E-4D07-9F32-DCBE464F1C71}.Release|STANDARDSDK_500 (ARMV4I).Deploy.0 = Release|STANDARDSDK_500 (ARMV4I)
		{D0CAD56C-6B9E-4D07-9F32-DCBE464F1C71}.Release|STANDARDSDK_500 (x86).ActiveCfg = Release|STANDARDSDK_500 (x86)
		{D0CAD56C-6B9E-4D07-9F32-DCBE464F1C71}.Release|STANDARDSDK_500 (x86).Build.0 = Release|STANDARDSDK_500 (x86)
		{D0CAD56C-6B9E-4D07-9F32-DCBE464F1C71}.Release|STANDARDSDK_500 (x86).Deploy.0 = Release|STANDARDSDK_500 (x86)
		{1E415078-34C6-472D-A271-E2D0C583619E}.Debug|STANDARDSDK_500 (ARMV4I).ActiveCfg = Debug|STANDARDSDK_500 (ARMV4I)
		{1E415078-34C6-472D-A271-E2D0C583619E}.Debug|STANDARDSDK_500 (ARMV4I).Build.0 = Debug|STANDARDSDK_500 (ARMV4I)
		{1E415078-34C6-472D-A271-E2D0C583619E}.Debug|STANDARDSDK_500 (ARMV4I).Deploy.0 = Debug|STANDARDSDK_500 (ARMV4I)
		{1E415078-34C6-472D-A271-E2D0C583619E}.Debug|STANDARDSDK_500 (x86).ActiveCfg = Debug|STANDARDSDK_500 (x86)
		{1E415078-34C6-472D-A271-E2D0C583619E}.Debug|STANDARDSDK_500 (x86).Build.0 = Debug|STANDARDSDK_500 (x86)
		{1E415078-34C6-472D-A271-E2D0C583619E}.Debug|STANDARDSDK_500 (x86).Deploy.0 = Debug|STANDARDSDK_500 (x86)
		{1E415078-34C6-472D-A271-E2D0C583619E}.Release|STANDARDSDK_500 (ARMV4I).ActiveCfg = Release|STANDARDSDK_500 (ARMV4I)
		{1E415078-34C6-472D-A271-E2D0C583619E}.Release|STANDARDSDK_500 (ARMV4I).Build.0 = Release|STANDARDSDK_500 (ARMV4I)
		{1E415078-34C6-472D-A271-E2D0C583619E}.Release|STANDARDSDK_500 (ARMV4I).Deploy.0 = Release|STANDARDSDK_500 (ARMV4I)
		{1E415078-34C6-472D-A271-E2D0C583619E}.Release|STANDARDSDK_500 (x86).ActiveCfg = Release|STANDARDSDK_500 (x86)
		{1E415078-34C6-472D-A271-E2D0C583619E}.Release|STANDARDSDK_500 (x86).Build.0 = Release|STANDARDSDK_500 (x86)
		{1E415078-34C6-472D-A271-E2D0C583619E}.Release|STANDARDSDK_500 (x86).Deploy.0 = Release|STANDARDSDK_500 (x86)
	EndGlobalSection
	GlobalSection(SolutionProperties) = preSolution
		HideSolutionNode = FALSE
	EndGlobalSection
EndGlobal
