
Microsoft Visual Studio Solution File, Format Version 10.00
# Visual Studio 2008
Project("{FAE04EC0-301F-11D3-BF4B-00C04F79EFBC}") = "Adam4024", "Adam4024.csproj", "{8A986C5B-84ED-4AA5-9082-6273612CC64E}"
EndProject
Global
	GlobalSection(SolutionConfigurationPlatforms) = preSolution
		Debug|Any CPU = Debug|Any CPU
		Release|Any CPU = Release|Any CPU
	EndGlobalSection
	GlobalSection(ProjectConfigurationPlatforms) = postSolution
		{8A986C5B-84ED-4AA5-9082-6273612CC64E}.Debug|Any CPU.ActiveCfg = Debug|Any CPU
		{8A986C5B-84ED-4AA5-9082-6273612CC64E}.Debug|Any CPU.Build.0 = Debug|Any CPU
		{8A986C5B-84ED-4AA5-9082-6273612CC64E}.Debug|Any CPU.Deploy.0 = Debug|Any CPU
		{8A986C5B-84ED-4AA5-9082-6273612CC64E}.Release|Any CPU.ActiveCfg = Release|Any CPU
		{8A986C5B-84ED-4AA5-9082-6273612CC64E}.Release|Any CPU.Build.0 = Release|Any CPU
		{8A986C5B-84ED-4AA5-9082-6273612CC64E}.Release|Any CPU.Deploy.0 = Release|Any CPU
	EndGlobalSection
	GlobalSection(SolutionProperties) = preSolution
		HideSolutionNode = FALSE
	EndGlobalSection
EndGlobal
