
Microsoft Visual Studio Solution File, Format Version 10.00
# Visual Studio 2008
Project("{FAE04EC0-301F-11D3-BF4B-00C04F79EFBC}") = "APAX_IO_Module_Library", "Apax_IO_Module_Library\APAX_IO_Module_Library.csproj", "{D4191762-E8FB-4E7F-9FF1-E90A32ED04F6}"
EndProject
Project("{FAE04EC0-301F-11D3-BF4B-00C04F79EFBC}") = "APAX-5028", "APAX-5028\APAX-5028.csproj", "{497315CD-91CD-4C43-AB76-79285A622012}"
EndProject
Project("{FAE04EC0-301F-11D3-BF4B-00C04F79EFBC}") = "APAX-Controller-WinCE-Sample", "APAX-Controller-WinCE-Sample\APAX-Controller-WinCE-Sample.csproj", "{06EBBDE5-5C8F-4D02-9E45-A4B45A73935A}"
EndProject
Project("{FAE04EC0-301F-11D3-BF4B-00C04F79EFBC}") = "APAX-5013", "APAX-5013\APAX-5013.csproj", "{B36FC5C3-A800-4B13-A7B4-7A85B5A241C4}"
EndProject
Project("{FAE04EC0-301F-11D3-BF4B-00C04F79EFBC}") = "APAX-5017", "APAX-5017\APAX-5017.csproj", "{F6B60611-98EE-472E-A871-8F59620EF7A6}"
EndProject
Project("{FAE04EC0-301F-11D3-BF4B-00C04F79EFBC}") = "APAX-5017H", "APAX-5017H\APAX-5017H.csproj", "{876E7498-3CF0-4DDC-80F3-5C528BE439D4}"
EndProject
Project("{FAE04EC0-301F-11D3-BF4B-00C04F79EFBC}") = "APAX-5018", "APAX-5018\APAX-5018.csproj", "{24AA89CA-DBF4-496E-989F-39FFF51D6488}"
EndProject
Project("{FAE04EC0-301F-11D3-BF4B-00C04F79EFBC}") = "APAX-5040", "APAX-5040\APAX-5040.csproj", "{53D720E7-36D3-4BDF-9EAA-D47D9EC012CF}"
EndProject
Project("{FAE04EC0-301F-11D3-BF4B-00C04F79EFBC}") = "APAX-5045", "APAX-5045\APAX-5045.csproj", "{306EA339-97E7-4E57-A504-A3AB0F339F94}"
EndProject
Project("{FAE04EC0-301F-11D3-BF4B-00C04F79EFBC}") = "APAX-5046", "APAX-5046\APAX-5046.csproj", "{F19D3A4E-56AF-4647-AAD7-3D7E7B2E00EE}"
EndProject
Project("{FAE04EC0-301F-11D3-BF4B-00C04F79EFBC}") = "APAX-5060", "APAX-5060\APAX-5060.csproj", "{27C5CCE5-C1CC-43A9-97D7-0FD8CEF8D4C0}"
EndProject
Project("{FAE04EC0-301F-11D3-BF4B-00C04F79EFBC}") = "APAX-5082", "APAX-5082\APAX-5082.csproj", "{A98960C5-B6DE-4767-86CA-0852DE981D5C}"
EndProject
Project("{FAE04EC0-301F-11D3-BF4B-00C04F79EFBC}") = "APAX-5080", "APAX-5080\APAX-5080.csproj", "{E042BDA9-7C8B-497F-A80D-4473E249B423}"
EndProject
Project("{FAE04EC0-301F-11D3-BF4B-00C04F79EFBC}") = "APAX-5017PE", "APAX-5017PE\APAX-5017PE.csproj", "{01D8F0B9-DE20-47A1-873E-CDF0F6DFDF9B}"
EndProject
Project("{FAE04EC0-301F-11D3-BF4B-00C04F79EFBC}") = "APAX-5040PE", "APAX-5040PE\APAX-5040PE.csproj", "{ABCB4D16-5C44-43CA-8D62-A634707CF1CC}"
EndProject
Project("{FAE04EC0-301F-11D3-BF4B-00C04F79EFBC}") = "APAX-5046SO", "APAX-5046SO\APAX-5046SO.csproj", "{36A5D736-5E02-4657-AD1B-5F0CE51C3FD7}"
EndProject
Project("{FAE04EC0-301F-11D3-BF4B-00C04F79EFBC}") = "APAX-5060PE", "APAX-5060PE\APAX-5060PE.csproj", "{44A5BB05-C4E4-4231-BA09-486660D706E7}"
EndProject
Global
	GlobalSection(SolutionConfigurationPlatforms) = preSolution
		Debug|Any CPU = Debug|Any CPU
		Release|Any CPU = Release|Any CPU
	EndGlobalSection
	GlobalSection(ProjectConfigurationPlatforms) = postSolution
		{D4191762-E8FB-4E7F-9FF1-E90A32ED04F6}.Debug|Any CPU.ActiveCfg = Debug|Any CPU
		{D4191762-E8FB-4E7F-9FF1-E90A32ED04F6}.Debug|Any CPU.Build.0 = Debug|Any CPU
		{D4191762-E8FB-4E7F-9FF1-E90A32ED04F6}.Release|Any CPU.ActiveCfg = Release|Any CPU
		{D4191762-E8FB-4E7F-9FF1-E90A32ED04F6}.Release|Any CPU.Build.0 = Release|Any CPU
		{497315CD-91CD-4C43-AB76-79285A622012}.Debug|Any CPU.ActiveCfg = Debug|Any CPU
		{497315CD-91CD-4C43-AB76-79285A622012}.Debug|Any CPU.Build.0 = Debug|Any CPU
		{497315CD-91CD-4C43-AB76-79285A622012}.Debug|Any CPU.Deploy.0 = Debug|Any CPU
		{497315CD-91CD-4C43-AB76-79285A622012}.Release|Any CPU.ActiveCfg = Release|Any CPU
		{497315CD-91CD-4C43-AB76-79285A622012}.Release|Any CPU.Build.0 = Release|Any CPU
		{497315CD-91CD-4C43-AB76-79285A622012}.Release|Any CPU.Deploy.0 = Release|Any CPU
		{06EBBDE5-5C8F-4D02-9E45-A4B45A73935A}.Debug|Any CPU.ActiveCfg = Debug|Any CPU
		{06EBBDE5-5C8F-4D02-9E45-A4B45A73935A}.Debug|Any CPU.Build.0 = Debug|Any CPU
		{06EBBDE5-5C8F-4D02-9E45-A4B45A73935A}.Debug|Any CPU.Deploy.0 = Debug|Any CPU
		{06EBBDE5-5C8F-4D02-9E45-A4B45A73935A}.Release|Any CPU.ActiveCfg = Release|Any CPU
		{06EBBDE5-5C8F-4D02-9E45-A4B45A73935A}.Release|Any CPU.Build.0 = Release|Any CPU
		{06EBBDE5-5C8F-4D02-9E45-A4B45A73935A}.Release|Any CPU.Deploy.0 = Release|Any CPU
		{B36FC5C3-A800-4B13-A7B4-7A85B5A241C4}.Debug|Any CPU.ActiveCfg = Debug|Any CPU
		{B36FC5C3-A800-4B13-A7B4-7A85B5A241C4}.Debug|Any CPU.Build.0 = Debug|Any CPU
		{B36FC5C3-A800-4B13-A7B4-7A85B5A241C4}.Debug|Any CPU.Deploy.0 = Debug|Any CPU
		{B36FC5C3-A800-4B13-A7B4-7A85B5A241C4}.Release|Any CPU.ActiveCfg = Release|Any CPU
		{B36FC5C3-A800-4B13-A7B4-7A85B5A241C4}.Release|Any CPU.Build.0 = Release|Any CPU
		{B36FC5C3-A800-4B13-A7B4-7A85B5A241C4}.Release|Any CPU.Deploy.0 = Release|Any CPU
		{F6B60611-98EE-472E-A871-8F59620EF7A6}.Debug|Any CPU.ActiveCfg = Debug|Any CPU
		{F6B60611-98EE-472E-A871-8F59620EF7A6}.Debug|Any CPU.Build.0 = Debug|Any CPU
		{F6B60611-98EE-472E-A871-8F59620EF7A6}.Debug|Any CPU.Deploy.0 = Debug|Any CPU
		{F6B60611-98EE-472E-A871-8F59620EF7A6}.Release|Any CPU.ActiveCfg = Release|Any CPU
		{F6B60611-98EE-472E-A871-8F59620EF7A6}.Release|Any CPU.Build.0 = Release|Any CPU
		{F6B60611-98EE-472E-A871-8F59620EF7A6}.Release|Any CPU.Deploy.0 = Release|Any CPU
		{876E7498-3CF0-4DDC-80F3-5C528BE439D4}.Debug|Any CPU.ActiveCfg = Debug|Any CPU
		{876E7498-3CF0-4DDC-80F3-5C528BE439D4}.Debug|Any CPU.Build.0 = Debug|Any CPU
		{876E7498-3CF0-4DDC-80F3-5C528BE439D4}.Debug|Any CPU.Deploy.0 = Debug|Any CPU
		{876E7498-3CF0-4DDC-80F3-5C528BE439D4}.Release|Any CPU.ActiveCfg = Release|Any CPU
		{876E7498-3CF0-4DDC-80F3-5C528BE439D4}.Release|Any CPU.Build.0 = Release|Any CPU
		{876E7498-3CF0-4DDC-80F3-5C528BE439D4}.Release|Any CPU.Deploy.0 = Release|Any CPU
		{24AA89CA-DBF4-496E-989F-39FFF51D6488}.Debug|Any CPU.ActiveCfg = Debug|Any CPU
		{24AA89CA-DBF4-496E-989F-39FFF51D6488}.Debug|Any CPU.Build.0 = Debug|Any CPU
		{24AA89CA-DBF4-496E-989F-39FFF51D6488}.Debug|Any CPU.Deploy.0 = Debug|Any CPU
		{24AA89CA-DBF4-496E-989F-39FFF51D6488}.Release|Any CPU.ActiveCfg = Release|Any CPU
		{24AA89CA-DBF4-496E-989F-39FFF51D6488}.Release|Any CPU.Build.0 = Release|Any CPU
		{24AA89CA-DBF4-496E-989F-39FFF51D6488}.Release|Any CPU.Deploy.0 = Release|Any CPU
		{53D720E7-36D3-4BDF-9EAA-D47D9EC012CF}.Debug|Any CPU.ActiveCfg = Debug|Any CPU
		{53D720E7-36D3-4BDF-9EAA-D47D9EC012CF}.Debug|Any CPU.Build.0 = Debug|Any CPU
		{53D720E7-36D3-4BDF-9EAA-D47D9EC012CF}.Debug|Any CPU.Deploy.0 = Debug|Any CPU
		{53D720E7-36D3-4BDF-9EAA-D47D9EC012CF}.Release|Any CPU.ActiveCfg = Release|Any CPU
		{53D720E7-36D3-4BDF-9EAA-D47D9EC012CF}.Release|Any CPU.Build.0 = Release|Any CPU
		{53D720E7-36D3-4BDF-9EAA-D47D9EC012CF}.Release|Any CPU.Deploy.0 = Release|Any CPU
		{306EA339-97E7-4E57-A504-A3AB0F339F94}.Debug|Any CPU.ActiveCfg = Debug|Any CPU
		{306EA339-97E7-4E57-A504-A3AB0F339F94}.Debug|Any CPU.Build.0 = Debug|Any CPU
		{306EA339-97E7-4E57-A504-A3AB0F339F94}.Debug|Any CPU.Deploy.0 = Debug|Any CPU
		{306EA339-97E7-4E57-A504-A3AB0F339F94}.Release|Any CPU.ActiveCfg = Release|Any CPU
		{306EA339-97E7-4E57-A504-A3AB0F339F94}.Release|Any CPU.Build.0 = Release|Any CPU
		{306EA339-97E7-4E57-A504-A3AB0F339F94}.Release|Any CPU.Deploy.0 = Release|Any CPU
		{F19D3A4E-56AF-4647-AAD7-3D7E7B2E00EE}.Debug|Any CPU.ActiveCfg = Debug|Any CPU
		{F19D3A4E-56AF-4647-AAD7-3D7E7B2E00EE}.Debug|Any CPU.Build.0 = Debug|Any CPU
		{F19D3A4E-56AF-4647-AAD7-3D7E7B2E00EE}.Debug|Any CPU.Deploy.0 = Debug|Any CPU
		{F19D3A4E-56AF-4647-AAD7-3D7E7B2E00EE}.Release|Any CPU.ActiveCfg = Release|Any CPU
		{F19D3A4E-56AF-4647-AAD7-3D7E7B2E00EE}.Release|Any CPU.Build.0 = Release|Any CPU
		{F19D3A4E-56AF-4647-AAD7-3D7E7B2E00EE}.Release|Any CPU.Deploy.0 = Release|Any CPU
		{27C5CCE5-C1CC-43A9-97D7-0FD8CEF8D4C0}.Debug|Any CPU.ActiveCfg = Debug|Any CPU
		{27C5CCE5-C1CC-43A9-97D7-0FD8CEF8D4C0}.Debug|Any CPU.Build.0 = Debug|Any CPU
		{27C5CCE5-C1CC-43A9-97D7-0FD8CEF8D4C0}.Debug|Any CPU.Deploy.0 = Debug|Any CPU
		{27C5CCE5-C1CC-43A9-97D7-0FD8CEF8D4C0}.Release|Any CPU.ActiveCfg = Release|Any CPU
		{27C5CCE5-C1CC-43A9-97D7-0FD8CEF8D4C0}.Release|Any CPU.Build.0 = Release|Any CPU
		{27C5CCE5-C1CC-43A9-97D7-0FD8CEF8D4C0}.Release|Any CPU.Deploy.0 = Release|Any CPU
		{A98960C5-B6DE-4767-86CA-0852DE981D5C}.Debug|Any CPU.ActiveCfg = Debug|Any CPU
		{A98960C5-B6DE-4767-86CA-0852DE981D5C}.Debug|Any CPU.Build.0 = Debug|Any CPU
		{A98960C5-B6DE-4767-86CA-0852DE981D5C}.Debug|Any CPU.Deploy.0 = Debug|Any CPU
		{A98960C5-B6DE-4767-86CA-0852DE981D5C}.Release|Any CPU.ActiveCfg = Release|Any CPU
		{A98960C5-B6DE-4767-86CA-0852DE981D5C}.Release|Any CPU.Build.0 = Release|Any CPU
		{A98960C5-B6DE-4767-86CA-0852DE981D5C}.Release|Any CPU.Deploy.0 = Release|Any CPU
		{E042BDA9-7C8B-497F-A80D-4473E249B423}.Debug|Any CPU.ActiveCfg = Debug|Any CPU
		{E042BDA9-7C8B-497F-A80D-4473E249B423}.Debug|Any CPU.Build.0 = Debug|Any CPU
		{E042BDA9-7C8B-497F-A80D-4473E249B423}.Debug|Any CPU.Deploy.0 = Debug|Any CPU
		{E042BDA9-7C8B-497F-A80D-4473E249B423}.Release|Any CPU.ActiveCfg = Release|Any CPU
		{E042BDA9-7C8B-497F-A80D-4473E249B423}.Release|Any CPU.Build.0 = Release|Any CPU
		{E042BDA9-7C8B-497F-A80D-4473E249B423}.Release|Any CPU.Deploy.0 = Release|Any CPU
		{01D8F0B9-DE20-47A1-873E-CDF0F6DFDF9B}.Debug|Any CPU.ActiveCfg = Debug|Any CPU
		{01D8F0B9-DE20-47A1-873E-CDF0F6DFDF9B}.Debug|Any CPU.Build.0 = Debug|Any CPU
		{01D8F0B9-DE20-47A1-873E-CDF0F6DFDF9B}.Debug|Any CPU.Deploy.0 = Debug|Any CPU
		{01D8F0B9-DE20-47A1-873E-CDF0F6DFDF9B}.Release|Any CPU.ActiveCfg = Release|Any CPU
		{01D8F0B9-DE20-47A1-873E-CDF0F6DFDF9B}.Release|Any CPU.Build.0 = Release|Any CPU
		{01D8F0B9-DE20-47A1-873E-CDF0F6DFDF9B}.Release|Any CPU.Deploy.0 = Release|Any CPU
		{ABCB4D16-5C44-43CA-8D62-A634707CF1CC}.Debug|Any CPU.ActiveCfg = Debug|Any CPU
		{ABCB4D16-5C44-43CA-8D62-A634707CF1CC}.Debug|Any CPU.Build.0 = Debug|Any CPU
		{ABCB4D16-5C44-43CA-8D62-A634707CF1CC}.Debug|Any CPU.Deploy.0 = Debug|Any CPU
		{ABCB4D16-5C44-43CA-8D62-A634707CF1CC}.Release|Any CPU.ActiveCfg = Release|Any CPU
		{ABCB4D16-5C44-43CA-8D62-A634707CF1CC}.Release|Any CPU.Build.0 = Release|Any CPU
		{ABCB4D16-5C44-43CA-8D62-A634707CF1CC}.Release|Any CPU.Deploy.0 = Release|Any CPU
		{36A5D736-5E02-4657-AD1B-5F0CE51C3FD7}.Debug|Any CPU.ActiveCfg = Debug|Any CPU
		{36A5D736-5E02-4657-AD1B-5F0CE51C3FD7}.Debug|Any CPU.Build.0 = Debug|Any CPU
		{36A5D736-5E02-4657-AD1B-5F0CE51C3FD7}.Debug|Any CPU.Deploy.0 = Debug|Any CPU
		{36A5D736-5E02-4657-AD1B-5F0CE51C3FD7}.Release|Any CPU.ActiveCfg = Release|Any CPU
		{36A5D736-5E02-4657-AD1B-5F0CE51C3FD7}.Release|Any CPU.Build.0 = Release|Any CPU
		{36A5D736-5E02-4657-AD1B-5F0CE51C3FD7}.Release|Any CPU.Deploy.0 = Release|Any CPU
		{44A5BB05-C4E4-4231-BA09-486660D706E7}.Debug|Any CPU.ActiveCfg = Debug|Any CPU
		{44A5BB05-C4E4-4231-BA09-486660D706E7}.Debug|Any CPU.Build.0 = Debug|Any CPU
		{44A5BB05-C4E4-4231-BA09-486660D706E7}.Debug|Any CPU.Deploy.0 = Debug|Any CPU
		{44A5BB05-C4E4-4231-BA09-486660D706E7}.Release|Any CPU.ActiveCfg = Release|Any CPU
		{44A5BB05-C4E4-4231-BA09-486660D706E7}.Release|Any CPU.Build.0 = Release|Any CPU
		{44A5BB05-C4E4-4231-BA09-486660D706E7}.Release|Any CPU.Deploy.0 = Release|Any CPU
	EndGlobalSection
	GlobalSection(SolutionProperties) = preSolution
		HideSolutionNode = FALSE
	EndGlobalSection
EndGlobal
