
Microsoft Visual Studio Solution File, Format Version 10.00
# Visual Studio 2008
Project("{FAE04EC0-301F-11D3-BF4B-00C04F79EFBC}") = "DataStreaming", "DataStreaming.csproj", "{D56FB140-D465-423E-903C-3160D8A09275}"
EndProject
Global
	GlobalSection(SolutionConfigurationPlatforms) = preSolution
		Debug|Any CPU = Debug|Any CPU
		Release|Any CPU = Release|Any CPU
	EndGlobalSection
	GlobalSection(ProjectConfigurationPlatforms) = postSolution
		{D56FB140-D465-423E-903C-3160D8A09275}.Debug|Any CPU.ActiveCfg = Debug|Any CPU
		{D56FB140-D465-423E-903C-3160D8A09275}.Debug|Any CPU.Build.0 = Debug|Any CPU
		{D56FB140-D465-423E-903C-3160D8A09275}.Debug|Any CPU.Deploy.0 = Debug|Any CPU
		{D56FB140-D465-423E-903C-3160D8A09275}.Release|Any CPU.ActiveCfg = Release|Any CPU
		{D56FB140-D465-423E-903C-3160D8A09275}.Release|Any CPU.Build.0 = Release|Any CPU
		{D56FB140-D465-423E-903C-3160D8A09275}.Release|Any CPU.Deploy.0 = Release|Any CPU
	EndGlobalSection
	GlobalSection(SolutionProperties) = preSolution
		HideSolutionNode = FALSE
	EndGlobalSection
EndGlobal
