
Microsoft Visual Studio Solution File, Format Version 10.00
# Visual Studio 2008
Project("{FAE04EC0-301F-11D3-BF4B-00C04F79EFBC}") = "Adam6015_17_18", "Adam6015_17_18.csproj", "{730F98F4-5FD2-4D56-8BEE-23F1D721A7A1}"
EndProject
Global
	GlobalSection(SolutionConfigurationPlatforms) = preSolution
		Debug|Any CPU = Debug|Any CPU
		Release|Any CPU = Release|Any CPU
	EndGlobalSection
	GlobalSection(ProjectConfigurationPlatforms) = postSolution
		{730F98F4-5FD2-4D56-8BEE-23F1D721A7A1}.Debug|Any CPU.ActiveCfg = Debug|Any CPU
		{730F98F4-5FD2-4D56-8BEE-23F1D721A7A1}.Debug|Any CPU.Build.0 = Debug|Any CPU
		{730F98F4-5FD2-4D56-8BEE-23F1D721A7A1}.Debug|Any CPU.Deploy.0 = Debug|Any CPU
		{730F98F4-5FD2-4D56-8BEE-23F1D721A7A1}.Release|Any CPU.ActiveCfg = Release|Any CPU
		{730F98F4-5FD2-4D56-8BEE-23F1D721A7A1}.Release|Any CPU.Build.0 = Release|Any CPU
		{730F98F4-5FD2-4D56-8BEE-23F1D721A7A1}.Release|Any CPU.Deploy.0 = Release|Any CPU
	EndGlobalSection
	GlobalSection(SolutionProperties) = preSolution
		HideSolutionNode = FALSE
	EndGlobalSection
EndGlobal
