<?xml version="1.0" encoding="utf-8"?>
<Project ToolsVersion="4.0" xmlns="http://schemas.microsoft.com/developer/msbuild/2003">
  <ItemGroup>
    <Filter Include="Source Files">
      <UniqueIdentifier>{4FC737F1-C7A5-4376-A066-2A32D752A2FF}</UniqueIdentifier>
      <Extensions>cpp;c;cc;cxx;def;odl;idl;hpj;bat;asm;asmx</Extensions>
    </Filter>
    <Filter Include="Header Files">
      <UniqueIdentifier>{93995380-89BD-4b04-88EB-625FBE52EBFB}</UniqueIdentifier>
      <Extensions>h;hh;hpp;hxx;hm;inl;inc;xsd</Extensions>
    </Filter>
    <Filter Include="Resource Files">
      <UniqueIdentifier>{D9D6E242-F8AF-46E4-B9FD-80ECBC20BA3E}</UniqueIdentifier>
      <Extensions>qrc;*</Extensions>
      <ParseFiles>false</ParseFiles>
    </Filter>
    <Filter Include="Form Files">
      <UniqueIdentifier>{99349809-55BA-4b9d-BF79-8FDBB0286EB3}</UniqueIdentifier>
      <Extensions>ui</Extensions>
    </Filter>
    <Filter Include="Resource Files">
      <UniqueIdentifier>{D9D6E242-F8AF-46E4-B9FD-80ECBC20BA3E}</UniqueIdentifier>
      <Extensions>qrc;*</Extensions>
      <ParseFiles>false</ParseFiles>
    </Filter>
  </ItemGroup>
  <ItemGroup>
    <ClCompile Include="main.cpp">
      <Filter>Source Files</Filter>
    </ClCompile>
    <ClCompile Include="MoldMachine.cpp">
      <Filter>Source Files</Filter>
    </ClCompile>
    <ClCompile Include="CameraDrive.cpp">
      <Filter>Source Files</Filter>
    </ClCompile>
    <ClCompile Include="CounterSetting.cpp">
      <Filter>Source Files</Filter>
    </ClCompile>
    <ClCompile Include="CycleSetting.cpp">
      <Filter>Source Files</Filter>
    </ClCompile>
    <ClCompile Include="CycleStepSetting.cpp">
      <Filter>Source Files</Filter>
    </ClCompile>
    <ClCompile Include="DelaySetting.cpp">
      <Filter>Source Files</Filter>
    </ClCompile>
    <ClCompile Include="ImageProcessing.cpp">
      <Filter>Source Files</Filter>
    </ClCompile>
    <ClCompile Include="ImageSetting.cpp">
      <Filter>Source Files</Filter>
    </ClCompile>
    <ClCompile Include="IOService.cpp">
      <Filter>Source Files</Filter>
    </ClCompile>
    <ClCompile Include="MysqlSetting.cpp">
      <Filter>Source Files</Filter>
    </ClCompile>
    <ClCompile Include="ParameterInit.cpp">
      <Filter>Source Files</Filter>
    </ClCompile>
    <ClCompile Include="RunningStepThread.cpp">
      <Filter>Source Files</Filter>
    </ClCompile>
    <ClCompile Include="xmlFileSetting.cpp">
      <Filter>Source Files</Filter>
    </ClCompile>
    <ClCompile Include="tinystr.cpp">
      <Filter>Source Files</Filter>
    </ClCompile>
    <ClCompile Include="tinyxml.cpp">
      <Filter>Source Files</Filter>
    </ClCompile>
    <ClCompile Include="tinyxmlerror.cpp">
      <Filter>Source Files</Filter>
    </ClCompile>
    <ClCompile Include="tinyxmlparser.cpp">
      <Filter>Source Files</Filter>
    </ClCompile>
    <ClCompile Include="MoldObject.cpp">
      <Filter>Source Files</Filter>
    </ClCompile>
    <ClCompile Include="Adam6060.cpp">
      <Filter>Source Files</Filter>
    </ClCompile>
    <ClCompile Include="CurRoiDisplay.cpp">
      <Filter>Source Files</Filter>
    </ClCompile>
  </ItemGroup>
  <ItemGroup>
    <QtMoc Include="MoldMachine.h">
      <Filter>Header Files</Filter>
    </QtMoc>
    <QtMoc Include="CounterSetting.h">
      <Filter>Header Files</Filter>
    </QtMoc>
    <QtMoc Include="CycleSetting.h">
      <Filter>Header Files</Filter>
    </QtMoc>
    <QtMoc Include="CycleStepSetting.h">
      <Filter>Header Files</Filter>
    </QtMoc>
    <QtMoc Include="DelaySetting.h">
      <Filter>Header Files</Filter>
    </QtMoc>
    <QtMoc Include="ImageSetting.h">
      <Filter>Header Files</Filter>
    </QtMoc>
    <QtMoc Include="IOService.h">
      <Filter>Header Files</Filter>
    </QtMoc>
    <QtMoc Include="RunningStepThread.h">
      <Filter>Header Files</Filter>
    </QtMoc>
    <QtMoc Include="MoldObject.h">
      <Filter>Header Files</Filter>
    </QtMoc>
    <QtMoc Include="CurRoiDisplay.h">
      <Filter>Header Files</Filter>
    </QtMoc>
  </ItemGroup>
  <ItemGroup>
    <QtUic Include="MoldMachine.ui">
      <Filter>Form Files</Filter>
    </QtUic>
    <QtUic Include="Counters.ui">
      <Filter>Form Files</Filter>
    </QtUic>
    <QtUic Include="CycleSetting.ui">
      <Filter>Form Files</Filter>
    </QtUic>
    <QtUic Include="CycleStepSetting.ui">
      <Filter>Form Files</Filter>
    </QtUic>
    <QtUic Include="DelaySetting.ui">
      <Filter>Form Files</Filter>
    </QtUic>
    <QtUic Include="ImageSetting.ui">
      <Filter>Form Files</Filter>
    </QtUic>
    <QtUic Include="IOService.ui">
      <Filter>Form Files</Filter>
    </QtUic>
    <QtUic Include="DataSource.ui">
      <Filter>Form Files</Filter>
    </QtUic>
    <QtUic Include="MoldObjects.ui">
      <Filter>Form Files</Filter>
    </QtUic>
    <QtUic Include="CurRoiDisplay.ui">
      <Filter>Form Files</Filter>
    </QtUic>
  </ItemGroup>
  <ItemGroup>
    <QtRcc Include="MoldMachine.qrc">
      <Filter>Resource Files</Filter>
    </QtRcc>
  </ItemGroup>
  <ItemGroup>
    <ClInclude Include="x64\Debug\uic\ui_MoldMachine.h">
      <Filter>Resource Files</Filter>
    </ClInclude>
    <ClInclude Include="CameraDrive.h">
      <Filter>Header Files</Filter>
    </ClInclude>
    <ClInclude Include="ImageProcessing.h">
      <Filter>Header Files</Filter>
    </ClInclude>
    <ClInclude Include="MysqlSetting.h">
      <Filter>Header Files</Filter>
    </ClInclude>
    <ClInclude Include="ParameterInit.h">
      <Filter>Header Files</Filter>
    </ClInclude>
    <ClInclude Include="x64\Debug\uic\ui_Counters.h">
      <Filter>Resource Files</Filter>
    </ClInclude>
    <ClInclude Include="x64\Debug\uic\ui_CycleSetting.h">
      <Filter>Resource Files</Filter>
    </ClInclude>
    <ClInclude Include="x64\Debug\uic\ui_CycleStepSetting.h">
      <Filter>Resource Files</Filter>
    </ClInclude>
    <ClInclude Include="x64\Debug\uic\ui_DelaySetting.h">
      <Filter>Resource Files</Filter>
    </ClInclude>
    <ClInclude Include="x64\Debug\uic\ui_ImageSetting.h">
      <Filter>Resource Files</Filter>
    </ClInclude>
    <ClInclude Include="x64\Debug\uic\ui_IOService.h">
      <Filter>Resource Files</Filter>
    </ClInclude>
    <ClInclude Include="xmlFileSetting.h">
      <Filter>Header Files</Filter>
    </ClInclude>
    <ClInclude Include="..\..\tinyxml\tinyxml.h">
      <Filter>Header Files</Filter>
    </ClInclude>
    <ClInclude Include="tinystr.h">
      <Filter>Header Files</Filter>
    </ClInclude>
    <ClInclude Include="x64\Debug\uic\ui_MoldObjects.h">
      <Filter>Resource Files</Filter>
    </ClInclude>
    <ClInclude Include="Adam6060.h">
      <Filter>Header Files</Filter>
    </ClInclude>
  </ItemGroup>
</Project>