
Microsoft Visual Studio Solution File, Format Version 10.00
# Visual Studio 2008
Project("{F184B08F-C81C-45F6-A57F-5ABD9991F28F}") = "APAX_IO_Module_Library", "Apax_IO_Module_Library\APAX_IO_Module_Library.vbproj", "{F63E5C24-63C4-4C9F-BC30-A163410207BB}"
EndProject
Project("{F184B08F-C81C-45F6-A57F-5ABD9991F28F}") = "APAX-5028", "APAX-5028\APAX-5028.vbproj", "{A167C7C0-5968-4E1C-9245-DEBD1CA32687}"
EndProject
Project("{F184B08F-C81C-45F6-A57F-5ABD9991F28F}") = "APAX-5040", "APAX-5040\APAX-5040.vbproj", "{C9F75663-7BAE-4AEF-9D8B-31D9F0E26FEE}"
EndProject
Project("{F184B08F-C81C-45F6-A57F-5ABD9991F28F}") = "APAX-5045", "APAX-5045\APAX-5045.vbproj", "{D9312BA9-14BA-44DD-B852-DD620DDBD09E}"
EndProject
Project("{F184B08F-C81C-45F6-A57F-5ABD9991F28F}") = "APAX-5046", "APAX-5046\APAX-5046.vbproj", "{CCB802BF-DDA7-4591-A5C0-8F96E790D61A}"
EndProject
Project("{F184B08F-C81C-45F6-A57F-5ABD9991F28F}") = "APAX-5060", "APAX-5060\APAX-5060.vbproj", "{C8BE30EE-8761-4C80-A12A-29816A152838}"
EndProject
Project("{F184B08F-C81C-45F6-A57F-5ABD9991F28F}") = "APAX-5080", "APAX-5080\APAX-5080.vbproj", "{64D8E7FD-F610-44D9-A372-4AD633B6EF72}"
EndProject
Project("{F184B08F-C81C-45F6-A57F-5ABD9991F28F}") = "APAX-5082", "APAX-5082\APAX-5082.vbproj", "{246A9C09-3BB5-4334-AFFC-146D41500A01}"
EndProject
Project("{F184B08F-C81C-45F6-A57F-5ABD9991F28F}") = "APAX-5018", "APAX-5018\APAX-5018.vbproj", "{BA546051-7D59-4C77-A1BF-8814CF575BF5}"
EndProject
Project("{F184B08F-C81C-45F6-A57F-5ABD9991F28F}") = "APAX-5017H", "APAX-5017H\APAX-5017H.vbproj", "{B86867EC-59D6-4B15-9B86-6EF12742A595}"
EndProject
Project("{F184B08F-C81C-45F6-A57F-5ABD9991F28F}") = "APAX-5017", "APAX-5017\APAX-5017.vbproj", "{AAC1942B-CC36-4B95-86EB-2A2D36966759}"
EndProject
Project("{F184B08F-C81C-45F6-A57F-5ABD9991F28F}") = "APAX-5013", "APAX-5013\APAX-5013.vbproj", "{48019F56-7852-444C-B982-6BCB1AE7D493}"
EndProject
Project("{F184B08F-C81C-45F6-A57F-5ABD9991F28F}") = "APAX-Coupler-WinCE-Sample", "APAX-Coupler-WinCE-Sample\APAX-Coupler-WinCE-Sample.vbproj", "{F7BD9341-BD65-4C0C-B9DF-8EA02F283EBE}"
EndProject
Project("{F184B08F-C81C-45F6-A57F-5ABD9991F28F}") = "APAX-5017PE", "APAX-5017PE\APAX-5017PE.vbproj", "{54557017-B48A-4E03-8BF7-AAAFA8CD3708}"
EndProject
Project("{F184B08F-C81C-45F6-A57F-5ABD9991F28F}") = "APAX-5040PE", "APAX-5040PE\APAX-5040PE.vbproj", "{65D4635C-2E25-460B-B2A0-4E6F0716BBEA}"
EndProject
Project("{F184B08F-C81C-45F6-A57F-5ABD9991F28F}") = "APAX-5046SO", "APAX-5046SO\APAX-5046SO.vbproj", "{BD51DE36-F6FC-4DFE-B809-EF65B6B59686}"
EndProject
Project("{F184B08F-C81C-45F6-A57F-5ABD9991F28F}") = "APAX-5060PE", "APAX-5060PE\APAX-5060PE.vbproj", "{7776DCC2-2101-4640-86DE-BB34FF68A8C6}"
EndProject
Project("{F184B08F-C81C-45F6-A57F-5ABD9991F28F}") = "APAX-5090", "APAX-5090\APAX-5090.vbproj", "{BF38B169-9285-4388-AF89-BE50074C0F9C}"
EndProject
Global
	GlobalSection(SolutionConfigurationPlatforms) = preSolution
		Debug|Any CPU = Debug|Any CPU
		Release|Any CPU = Release|Any CPU
	EndGlobalSection
	GlobalSection(ProjectConfigurationPlatforms) = postSolution
		{F63E5C24-63C4-4C9F-BC30-A163410207BB}.Debug|Any CPU.ActiveCfg = Debug|Any CPU
		{F63E5C24-63C4-4C9F-BC30-A163410207BB}.Debug|Any CPU.Build.0 = Debug|Any CPU
		{F63E5C24-63C4-4C9F-BC30-A163410207BB}.Release|Any CPU.ActiveCfg = Release|Any CPU
		{F63E5C24-63C4-4C9F-BC30-A163410207BB}.Release|Any CPU.Build.0 = Release|Any CPU
		{A167C7C0-5968-4E1C-9245-DEBD1CA32687}.Debug|Any CPU.ActiveCfg = Debug|Any CPU
		{A167C7C0-5968-4E1C-9245-DEBD1CA32687}.Debug|Any CPU.Build.0 = Debug|Any CPU
		{A167C7C0-5968-4E1C-9245-DEBD1CA32687}.Debug|Any CPU.Deploy.0 = Debug|Any CPU
		{A167C7C0-5968-4E1C-9245-DEBD1CA32687}.Release|Any CPU.ActiveCfg = Release|Any CPU
		{A167C7C0-5968-4E1C-9245-DEBD1CA32687}.Release|Any CPU.Build.0 = Release|Any CPU
		{A167C7C0-5968-4E1C-9245-DEBD1CA32687}.Release|Any CPU.Deploy.0 = Release|Any CPU
		{C9F75663-7BAE-4AEF-9D8B-31D9F0E26FEE}.Debug|Any CPU.ActiveCfg = Debug|Any CPU
		{C9F75663-7BAE-4AEF-9D8B-31D9F0E26FEE}.Debug|Any CPU.Build.0 = Debug|Any CPU
		{C9F75663-7BAE-4AEF-9D8B-31D9F0E26FEE}.Debug|Any CPU.Deploy.0 = Debug|Any CPU
		{C9F75663-7BAE-4AEF-9D8B-31D9F0E26FEE}.Release|Any CPU.ActiveCfg = Release|Any CPU
		{C9F75663-7BAE-4AEF-9D8B-31D9F0E26FEE}.Release|Any CPU.Build.0 = Release|Any CPU
		{C9F75663-7BAE-4AEF-9D8B-31D9F0E26FEE}.Release|Any CPU.Deploy.0 = Release|Any CPU
		{D9312BA9-14BA-44DD-B852-DD620DDBD09E}.Debug|Any CPU.ActiveCfg = Debug|Any CPU
		{D9312BA9-14BA-44DD-B852-DD620DDBD09E}.Debug|Any CPU.Build.0 = Debug|Any CPU
		{D9312BA9-14BA-44DD-B852-DD620DDBD09E}.Debug|Any CPU.Deploy.0 = Debug|Any CPU
		{D9312BA9-14BA-44DD-B852-DD620DDBD09E}.Release|Any CPU.ActiveCfg = Release|Any CPU
		{D9312BA9-14BA-44DD-B852-DD620DDBD09E}.Release|Any CPU.Build.0 = Release|Any CPU
		{D9312BA9-14BA-44DD-B852-DD620DDBD09E}.Release|Any CPU.Deploy.0 = Release|Any CPU
		{CCB802BF-DDA7-4591-A5C0-8F96E790D61A}.Debug|Any CPU.ActiveCfg = Debug|Any CPU
		{CCB802BF-DDA7-4591-A5C0-8F96E790D61A}.Debug|Any CPU.Build.0 = Debug|Any CPU
		{CCB802BF-DDA7-4591-A5C0-8F96E790D61A}.Debug|Any CPU.Deploy.0 = Debug|Any CPU
		{CCB802BF-DDA7-4591-A5C0-8F96E790D61A}.Release|Any CPU.ActiveCfg = Release|Any CPU
		{CCB802BF-DDA7-4591-A5C0-8F96E790D61A}.Release|Any CPU.Build.0 = Release|Any CPU
		{CCB802BF-DDA7-4591-A5C0-8F96E790D61A}.Release|Any CPU.Deploy.0 = Release|Any CPU
		{C8BE30EE-8761-4C80-A12A-29816A152838}.Debug|Any CPU.ActiveCfg = Debug|Any CPU
		{C8BE30EE-8761-4C80-A12A-29816A152838}.Debug|Any CPU.Build.0 = Debug|Any CPU
		{C8BE30EE-8761-4C80-A12A-29816A152838}.Debug|Any CPU.Deploy.0 = Debug|Any CPU
		{C8BE30EE-8761-4C80-A12A-29816A152838}.Release|Any CPU.ActiveCfg = Release|Any CPU
		{C8BE30EE-8761-4C80-A12A-29816A152838}.Release|Any CPU.Build.0 = Release|Any CPU
		{C8BE30EE-8761-4C80-A12A-29816A152838}.Release|Any CPU.Deploy.0 = Release|Any CPU
		{64D8E7FD-F610-44D9-A372-4AD633B6EF72}.Debug|Any CPU.ActiveCfg = Debug|Any CPU
		{64D8E7FD-F610-44D9-A372-4AD633B6EF72}.Debug|Any CPU.Build.0 = Debug|Any CPU
		{64D8E7FD-F610-44D9-A372-4AD633B6EF72}.Debug|Any CPU.Deploy.0 = Debug|Any CPU
		{64D8E7FD-F610-44D9-A372-4AD633B6EF72}.Release|Any CPU.ActiveCfg = Release|Any CPU
		{64D8E7FD-F610-44D9-A372-4AD633B6EF72}.Release|Any CPU.Build.0 = Release|Any CPU
		{64D8E7FD-F610-44D9-A372-4AD633B6EF72}.Release|Any CPU.Deploy.0 = Release|Any CPU
		{246A9C09-3BB5-4334-AFFC-146D41500A01}.Debug|Any CPU.ActiveCfg = Debug|Any CPU
		{246A9C09-3BB5-4334-AFFC-146D41500A01}.Debug|Any CPU.Build.0 = Debug|Any CPU
		{246A9C09-3BB5-4334-AFFC-146D41500A01}.Debug|Any CPU.Deploy.0 = Debug|Any CPU
		{246A9C09-3BB5-4334-AFFC-146D41500A01}.Release|Any CPU.ActiveCfg = Release|Any CPU
		{246A9C09-3BB5-4334-AFFC-146D41500A01}.Release|Any CPU.Build.0 = Release|Any CPU
		{246A9C09-3BB5-4334-AFFC-146D41500A01}.Release|Any CPU.Deploy.0 = Release|Any CPU
		{BA546051-7D59-4C77-A1BF-8814CF575BF5}.Debug|Any CPU.ActiveCfg = Debug|Any CPU
		{BA546051-7D59-4C77-A1BF-8814CF575BF5}.Debug|Any CPU.Build.0 = Debug|Any CPU
		{BA546051-7D59-4C77-A1BF-8814CF575BF5}.Debug|Any CPU.Deploy.0 = Debug|Any CPU
		{BA546051-7D59-4C77-A1BF-8814CF575BF5}.Release|Any CPU.ActiveCfg = Release|Any CPU
		{BA546051-7D59-4C77-A1BF-8814CF575BF5}.Release|Any CPU.Build.0 = Release|Any CPU
		{BA546051-7D59-4C77-A1BF-8814CF575BF5}.Release|Any CPU.Deploy.0 = Release|Any CPU
		{B86867EC-59D6-4B15-9B86-6EF12742A595}.Debug|Any CPU.ActiveCfg = Debug|Any CPU
		{B86867EC-59D6-4B15-9B86-6EF12742A595}.Debug|Any CPU.Build.0 = Debug|Any CPU
		{B86867EC-59D6-4B15-9B86-6EF12742A595}.Debug|Any CPU.Deploy.0 = Debug|Any CPU
		{B86867EC-59D6-4B15-9B86-6EF12742A595}.Release|Any CPU.ActiveCfg = Release|Any CPU
		{B86867EC-59D6-4B15-9B86-6EF12742A595}.Release|Any CPU.Build.0 = Release|Any CPU
		{B86867EC-59D6-4B15-9B86-6EF12742A595}.Release|Any CPU.Deploy.0 = Release|Any CPU
		{AAC1942B-CC36-4B95-86EB-2A2D36966759}.Debug|Any CPU.ActiveCfg = Debug|Any CPU
		{AAC1942B-CC36-4B95-86EB-2A2D36966759}.Debug|Any CPU.Build.0 = Debug|Any CPU
		{AAC1942B-CC36-4B95-86EB-2A2D36966759}.Debug|Any CPU.Deploy.0 = Debug|Any CPU
		{AAC1942B-CC36-4B95-86EB-2A2D36966759}.Release|Any CPU.ActiveCfg = Release|Any CPU
		{AAC1942B-CC36-4B95-86EB-2A2D36966759}.Release|Any CPU.Build.0 = Release|Any CPU
		{AAC1942B-CC36-4B95-86EB-2A2D36966759}.Release|Any CPU.Deploy.0 = Release|Any CPU
		{48019F56-7852-444C-B982-6BCB1AE7D493}.Debug|Any CPU.ActiveCfg = Debug|Any CPU
		{48019F56-7852-444C-B982-6BCB1AE7D493}.Debug|Any CPU.Build.0 = Debug|Any CPU
		{48019F56-7852-444C-B982-6BCB1AE7D493}.Debug|Any CPU.Deploy.0 = Debug|Any CPU
		{48019F56-7852-444C-B982-6BCB1AE7D493}.Release|Any CPU.ActiveCfg = Release|Any CPU
		{48019F56-7852-444C-B982-6BCB1AE7D493}.Release|Any CPU.Build.0 = Release|Any CPU
		{48019F56-7852-444C-B982-6BCB1AE7D493}.Release|Any CPU.Deploy.0 = Release|Any CPU
		{F7BD9341-BD65-4C0C-B9DF-8EA02F283EBE}.Debug|Any CPU.ActiveCfg = Debug|Any CPU
		{F7BD9341-BD65-4C0C-B9DF-8EA02F283EBE}.Debug|Any CPU.Build.0 = Debug|Any CPU
		{F7BD9341-BD65-4C0C-B9DF-8EA02F283EBE}.Debug|Any CPU.Deploy.0 = Debug|Any CPU
		{F7BD9341-BD65-4C0C-B9DF-8EA02F283EBE}.Release|Any CPU.ActiveCfg = Release|Any CPU
		{F7BD9341-BD65-4C0C-B9DF-8EA02F283EBE}.Release|Any CPU.Build.0 = Release|Any CPU
		{F7BD9341-BD65-4C0C-B9DF-8EA02F283EBE}.Release|Any CPU.Deploy.0 = Release|Any CPU
		{54557017-B48A-4E03-8BF7-AAAFA8CD3708}.Debug|Any CPU.ActiveCfg = Debug|Any CPU
		{54557017-B48A-4E03-8BF7-AAAFA8CD3708}.Debug|Any CPU.Build.0 = Debug|Any CPU
		{54557017-B48A-4E03-8BF7-AAAFA8CD3708}.Debug|Any CPU.Deploy.0 = Debug|Any CPU
		{54557017-B48A-4E03-8BF7-AAAFA8CD3708}.Release|Any CPU.ActiveCfg = Release|Any CPU
		{54557017-B48A-4E03-8BF7-AAAFA8CD3708}.Release|Any CPU.Build.0 = Release|Any CPU
		{54557017-B48A-4E03-8BF7-AAAFA8CD3708}.Release|Any CPU.Deploy.0 = Release|Any CPU
		{65D4635C-2E25-460B-B2A0-4E6F0716BBEA}.Debug|Any CPU.ActiveCfg = Debug|Any CPU
		{65D4635C-2E25-460B-B2A0-4E6F0716BBEA}.Debug|Any CPU.Build.0 = Debug|Any CPU
		{65D4635C-2E25-460B-B2A0-4E6F0716BBEA}.Debug|Any CPU.Deploy.0 = Debug|Any CPU
		{65D4635C-2E25-460B-B2A0-4E6F0716BBEA}.Release|Any CPU.ActiveCfg = Release|Any CPU
		{65D4635C-2E25-460B-B2A0-4E6F0716BBEA}.Release|Any CPU.Build.0 = Release|Any CPU
		{65D4635C-2E25-460B-B2A0-4E6F0716BBEA}.Release|Any CPU.Deploy.0 = Release|Any CPU
		{BD51DE36-F6FC-4DFE-B809-EF65B6B59686}.Debug|Any CPU.ActiveCfg = Debug|Any CPU
		{BD51DE36-F6FC-4DFE-B809-EF65B6B59686}.Debug|Any CPU.Build.0 = Debug|Any CPU
		{BD51DE36-F6FC-4DFE-B809-EF65B6B59686}.Debug|Any CPU.Deploy.0 = Debug|Any CPU
		{BD51DE36-F6FC-4DFE-B809-EF65B6B59686}.Release|Any CPU.ActiveCfg = Release|Any CPU
		{BD51DE36-F6FC-4DFE-B809-EF65B6B59686}.Release|Any CPU.Build.0 = Release|Any CPU
		{BD51DE36-F6FC-4DFE-B809-EF65B6B59686}.Release|Any CPU.Deploy.0 = Release|Any CPU
		{7776DCC2-2101-4640-86DE-BB34FF68A8C6}.Debug|Any CPU.ActiveCfg = Debug|Any CPU
		{7776DCC2-2101-4640-86DE-BB34FF68A8C6}.Debug|Any CPU.Build.0 = Debug|Any CPU
		{7776DCC2-2101-4640-86DE-BB34FF68A8C6}.Debug|Any CPU.Deploy.0 = Debug|Any CPU
		{7776DCC2-2101-4640-86DE-BB34FF68A8C6}.Release|Any CPU.ActiveCfg = Release|Any CPU
		{7776DCC2-2101-4640-86DE-BB34FF68A8C6}.Release|Any CPU.Build.0 = Release|Any CPU
		{7776DCC2-2101-4640-86DE-BB34FF68A8C6}.Release|Any CPU.Deploy.0 = Release|Any CPU
		{BF38B169-9285-4388-AF89-BE50074C0F9C}.Debug|Any CPU.ActiveCfg = Debug|Any CPU
		{BF38B169-9285-4388-AF89-BE50074C0F9C}.Debug|Any CPU.Build.0 = Debug|Any CPU
		{BF38B169-9285-4388-AF89-BE50074C0F9C}.Debug|Any CPU.Deploy.0 = Debug|Any CPU
		{BF38B169-9285-4388-AF89-BE50074C0F9C}.Release|Any CPU.ActiveCfg = Release|Any CPU
		{BF38B169-9285-4388-AF89-BE50074C0F9C}.Release|Any CPU.Build.0 = Release|Any CPU
		{BF38B169-9285-4388-AF89-BE50074C0F9C}.Release|Any CPU.Deploy.0 = Release|Any CPU
	EndGlobalSection
	GlobalSection(SolutionProperties) = preSolution
		HideSolutionNode = FALSE
	EndGlobalSection
EndGlobal
