
Microsoft Visual Studio Solution File, Format Version 10.00
# Visual Studio 2008
Project("{FAE04EC0-301F-11D3-BF4B-00C04F79EFBC}") = "APAX-Controller-Win32-Sample", "APAX-Controller-Win32-Sample\APAX-Controller-Win32-Sample.csproj", "{21F41EB8-ACFB-4182-85BC-068B10224259}"
EndProject
Project("{FAE04EC0-301F-11D3-BF4B-00C04F79EFBC}") = "APAX_IO_Module_Library", "Apax_IO_Module_Library\APAX_IO_Module_Library.csproj", "{92D8B317-FD18-4424-844A-26D9CFF57CAD}"
EndProject
Project("{FAE04EC0-301F-11D3-BF4B-00C04F79EFBC}") = "APAX-5060", "APAX-5060\APAX-5060.csproj", "{BFF309E8-8F6E-4436-AF71-4CDDACAB4BD3}"
EndProject
Project("{FAE04EC0-301F-11D3-BF4B-00C04F79EFBC}") = "APAX-5046", "APAX-5046\APAX-5046.csproj", "{CDAF08F8-C169-4103-96C3-A4C98F209AA3}"
EndProject
Project("{FAE04EC0-301F-11D3-BF4B-00C04F79EFBC}") = "APAX-5040", "APAX-5040\APAX-5040.csproj", "{88B990BC-4DFB-4BED-9A72-CB51B11A3D14}"
EndProject
Project("{FAE04EC0-301F-11D3-BF4B-00C04F79EFBC}") = "APAX-5045", "APAX-5045\APAX-5045.csproj", "{578CBC2D-C94A-4204-BBA3-645F6CF34850}"
EndProject
Project("{FAE04EC0-301F-11D3-BF4B-00C04F79EFBC}") = "APAX-5028", "APAX-5028\APAX-5028.csproj", "{CBB8E36B-6EBB-4FB4-96EF-069D313C90D1}"
EndProject
Project("{FAE04EC0-301F-11D3-BF4B-00C04F79EFBC}") = "APAX-5017", "APAX-5017\APAX-5017.csproj", "{A90A267B-C9EF-4FD5-9F40-10279110D8ED}"
EndProject
Project("{FAE04EC0-301F-11D3-BF4B-00C04F79EFBC}") = "APAX-5017H", "APAX-5017H\APAX-5017H.csproj", "{275617CB-5BAF-4F53-9D24-5501F5331A45}"
EndProject
Project("{FAE04EC0-301F-11D3-BF4B-00C04F79EFBC}") = "APAX-5013", "APAX-5013\APAX-5013.csproj", "{3F57D90A-133E-4B1B-9A06-45FA9FA2B5A1}"
EndProject
Project("{FAE04EC0-301F-11D3-BF4B-00C04F79EFBC}") = "APAX-5018", "APAX-5018\APAX-5018.csproj", "{32651766-E68B-4BC2-88E3-8C3C16271131}"
EndProject
Project("{FAE04EC0-301F-11D3-BF4B-00C04F79EFBC}") = "APAX-5080", "APAX-5080\APAX-5080.csproj", "{7F4BB6DB-DBD6-4613-84F6-4293BB07950A}"
EndProject
Project("{FAE04EC0-301F-11D3-BF4B-00C04F79EFBC}") = "APAX-5082", "APAX-5082\APAX-5082.csproj", "{921F1C7B-95F1-47BB-BC94-19130F554DF1}"
EndProject
Project("{FAE04EC0-301F-11D3-BF4B-00C04F79EFBC}") = "APAX-5017PE", "APAX-5017PE\APAX-5017PE.csproj", "{E592AD3D-E58A-4DA1-8F13-75AF5085F371}"
EndProject
Project("{FAE04EC0-301F-11D3-BF4B-00C04F79EFBC}") = "APAX-5040PE", "APAX-5040PE\APAX-5040PE.csproj", "{7784C825-EF37-45CA-BDB4-4167527CE013}"
EndProject
Project("{FAE04EC0-301F-11D3-BF4B-00C04F79EFBC}") = "APAX-5046SO", "APAX-5046SO\APAX-5046SO.csproj", "{38EFA81F-166F-41B0-B385-D16347D42EDD}"
EndProject
Project("{FAE04EC0-301F-11D3-BF4B-00C04F79EFBC}") = "APAX-5060PE", "APAX-5060PE\APAX-5060PE.csproj", "{70F4BB10-FF48-4677-89E1-C86C2AADE168}"
EndProject
Global
	GlobalSection(SolutionConfigurationPlatforms) = preSolution
		Debug|Any CPU = Debug|Any CPU
		Release|Any CPU = Release|Any CPU
	EndGlobalSection
	GlobalSection(ProjectConfigurationPlatforms) = postSolution
		{21F41EB8-ACFB-4182-85BC-068B10224259}.Debug|Any CPU.ActiveCfg = Debug|Any CPU
		{21F41EB8-ACFB-4182-85BC-068B10224259}.Debug|Any CPU.Build.0 = Debug|Any CPU
		{21F41EB8-ACFB-4182-85BC-068B10224259}.Release|Any CPU.ActiveCfg = Release|Any CPU
		{21F41EB8-ACFB-4182-85BC-068B10224259}.Release|Any CPU.Build.0 = Release|Any CPU
		{92D8B317-FD18-4424-844A-26D9CFF57CAD}.Debug|Any CPU.ActiveCfg = Debug|Any CPU
		{92D8B317-FD18-4424-844A-26D9CFF57CAD}.Debug|Any CPU.Build.0 = Debug|Any CPU
		{92D8B317-FD18-4424-844A-26D9CFF57CAD}.Release|Any CPU.ActiveCfg = Release|Any CPU
		{92D8B317-FD18-4424-844A-26D9CFF57CAD}.Release|Any CPU.Build.0 = Release|Any CPU
		{BFF309E8-8F6E-4436-AF71-4CDDACAB4BD3}.Debug|Any CPU.ActiveCfg = Debug|Any CPU
		{BFF309E8-8F6E-4436-AF71-4CDDACAB4BD3}.Debug|Any CPU.Build.0 = Debug|Any CPU
		{BFF309E8-8F6E-4436-AF71-4CDDACAB4BD3}.Release|Any CPU.ActiveCfg = Release|Any CPU
		{BFF309E8-8F6E-4436-AF71-4CDDACAB4BD3}.Release|Any CPU.Build.0 = Release|Any CPU
		{CDAF08F8-C169-4103-96C3-A4C98F209AA3}.Debug|Any CPU.ActiveCfg = Debug|Any CPU
		{CDAF08F8-C169-4103-96C3-A4C98F209AA3}.Debug|Any CPU.Build.0 = Debug|Any CPU
		{CDAF08F8-C169-4103-96C3-A4C98F209AA3}.Release|Any CPU.ActiveCfg = Release|Any CPU
		{CDAF08F8-C169-4103-96C3-A4C98F209AA3}.Release|Any CPU.Build.0 = Release|Any CPU
		{88B990BC-4DFB-4BED-9A72-CB51B11A3D14}.Debug|Any CPU.ActiveCfg = Debug|Any CPU
		{88B990BC-4DFB-4BED-9A72-CB51B11A3D14}.Debug|Any CPU.Build.0 = Debug|Any CPU
		{88B990BC-4DFB-4BED-9A72-CB51B11A3D14}.Release|Any CPU.ActiveCfg = Release|Any CPU
		{88B990BC-4DFB-4BED-9A72-CB51B11A3D14}.Release|Any CPU.Build.0 = Release|Any CPU
		{578CBC2D-C94A-4204-BBA3-645F6CF34850}.Debug|Any CPU.ActiveCfg = Debug|Any CPU
		{578CBC2D-C94A-4204-BBA3-645F6CF34850}.Debug|Any CPU.Build.0 = Debug|Any CPU
		{578CBC2D-C94A-4204-BBA3-645F6CF34850}.Release|Any CPU.ActiveCfg = Release|Any CPU
		{578CBC2D-C94A-4204-BBA3-645F6CF34850}.Release|Any CPU.Build.0 = Release|Any CPU
		{CBB8E36B-6EBB-4FB4-96EF-069D313C90D1}.Debug|Any CPU.ActiveCfg = Debug|Any CPU
		{CBB8E36B-6EBB-4FB4-96EF-069D313C90D1}.Debug|Any CPU.Build.0 = Debug|Any CPU
		{CBB8E36B-6EBB-4FB4-96EF-069D313C90D1}.Release|Any CPU.ActiveCfg = Release|Any CPU
		{CBB8E36B-6EBB-4FB4-96EF-069D313C90D1}.Release|Any CPU.Build.0 = Release|Any CPU
		{A90A267B-C9EF-4FD5-9F40-10279110D8ED}.Debug|Any CPU.ActiveCfg = Debug|Any CPU
		{A90A267B-C9EF-4FD5-9F40-10279110D8ED}.Debug|Any CPU.Build.0 = Debug|Any CPU
		{A90A267B-C9EF-4FD5-9F40-10279110D8ED}.Release|Any CPU.ActiveCfg = Release|Any CPU
		{A90A267B-C9EF-4FD5-9F40-10279110D8ED}.Release|Any CPU.Build.0 = Release|Any CPU
		{275617CB-5BAF-4F53-9D24-5501F5331A45}.Debug|Any CPU.ActiveCfg = Debug|Any CPU
		{275617CB-5BAF-4F53-9D24-5501F5331A45}.Debug|Any CPU.Build.0 = Debug|Any CPU
		{275617CB-5BAF-4F53-9D24-5501F5331A45}.Release|Any CPU.ActiveCfg = Release|Any CPU
		{275617CB-5BAF-4F53-9D24-5501F5331A45}.Release|Any CPU.Build.0 = Release|Any CPU
		{3F57D90A-133E-4B1B-9A06-45FA9FA2B5A1}.Debug|Any CPU.ActiveCfg = Debug|Any CPU
		{3F57D90A-133E-4B1B-9A06-45FA9FA2B5A1}.Debug|Any CPU.Build.0 = Debug|Any CPU
		{3F57D90A-133E-4B1B-9A06-45FA9FA2B5A1}.Release|Any CPU.ActiveCfg = Release|Any CPU
		{3F57D90A-133E-4B1B-9A06-45FA9FA2B5A1}.Release|Any CPU.Build.0 = Release|Any CPU
		{32651766-E68B-4BC2-88E3-8C3C16271131}.Debug|Any CPU.ActiveCfg = Debug|Any CPU
		{32651766-E68B-4BC2-88E3-8C3C16271131}.Debug|Any CPU.Build.0 = Debug|Any CPU
		{32651766-E68B-4BC2-88E3-8C3C16271131}.Release|Any CPU.ActiveCfg = Release|Any CPU
		{32651766-E68B-4BC2-88E3-8C3C16271131}.Release|Any CPU.Build.0 = Release|Any CPU
		{7F4BB6DB-DBD6-4613-84F6-4293BB07950A}.Debug|Any CPU.ActiveCfg = Debug|Any CPU
		{7F4BB6DB-DBD6-4613-84F6-4293BB07950A}.Debug|Any CPU.Build.0 = Debug|Any CPU
		{7F4BB6DB-DBD6-4613-84F6-4293BB07950A}.Release|Any CPU.ActiveCfg = Release|Any CPU
		{7F4BB6DB-DBD6-4613-84F6-4293BB07950A}.Release|Any CPU.Build.0 = Release|Any CPU
		{921F1C7B-95F1-47BB-BC94-19130F554DF1}.Debug|Any CPU.ActiveCfg = Debug|Any CPU
		{921F1C7B-95F1-47BB-BC94-19130F554DF1}.Debug|Any CPU.Build.0 = Debug|Any CPU
		{921F1C7B-95F1-47BB-BC94-19130F554DF1}.Release|Any CPU.ActiveCfg = Release|Any CPU
		{921F1C7B-95F1-47BB-BC94-19130F554DF1}.Release|Any CPU.Build.0 = Release|Any CPU
		{E592AD3D-E58A-4DA1-8F13-75AF5085F371}.Debug|Any CPU.ActiveCfg = Debug|Any CPU
		{E592AD3D-E58A-4DA1-8F13-75AF5085F371}.Debug|Any CPU.Build.0 = Debug|Any CPU
		{E592AD3D-E58A-4DA1-8F13-75AF5085F371}.Release|Any CPU.ActiveCfg = Release|Any CPU
		{E592AD3D-E58A-4DA1-8F13-75AF5085F371}.Release|Any CPU.Build.0 = Release|Any CPU
		{7784C825-EF37-45CA-BDB4-4167527CE013}.Debug|Any CPU.ActiveCfg = Debug|Any CPU
		{7784C825-EF37-45CA-BDB4-4167527CE013}.Debug|Any CPU.Build.0 = Debug|Any CPU
		{7784C825-EF37-45CA-BDB4-4167527CE013}.Release|Any CPU.ActiveCfg = Release|Any CPU
		{7784C825-EF37-45CA-BDB4-4167527CE013}.Release|Any CPU.Build.0 = Release|Any CPU
		{38EFA81F-166F-41B0-B385-D16347D42EDD}.Debug|Any CPU.ActiveCfg = Debug|Any CPU
		{38EFA81F-166F-41B0-B385-D16347D42EDD}.Debug|Any CPU.Build.0 = Debug|Any CPU
		{38EFA81F-166F-41B0-B385-D16347D42EDD}.Release|Any CPU.ActiveCfg = Release|Any CPU
		{38EFA81F-166F-41B0-B385-D16347D42EDD}.Release|Any CPU.Build.0 = Release|Any CPU
		{70F4BB10-FF48-4677-89E1-C86C2AADE168}.Debug|Any CPU.ActiveCfg = Debug|Any CPU
		{70F4BB10-FF48-4677-89E1-C86C2AADE168}.Debug|Any CPU.Build.0 = Debug|Any CPU
		{70F4BB10-FF48-4677-89E1-C86C2AADE168}.Release|Any CPU.ActiveCfg = Release|Any CPU
		{70F4BB10-FF48-4677-89E1-C86C2AADE168}.Release|Any CPU.Build.0 = Release|Any CPU
	EndGlobalSection
	GlobalSection(SolutionProperties) = preSolution
		HideSolutionNode = FALSE
	EndGlobalSection
EndGlobal
