
Microsoft Visual Studio Solution File, Format Version 10.00
# Visual Studio 2008
Project("{8BC9CEB8-8B4A-11D0-8D11-00A0C91BC942}") = "GetSlotInfo", "GetSlotInfo.vcproj", "{59DB1F76-916E-4715-B399-505919CD24CA}"
EndProject
Global
	GlobalSection(SolutionConfigurationPlatforms) = preSolution
		Debug|STANDARDSDK_500 (x86) = Debug|STANDARDSDK_500 (x86)
		Release|STANDARDSDK_500 (x86) = Release|STANDARDSDK_500 (x86)
	EndGlobalSection
	GlobalSection(ProjectConfigurationPlatforms) = postSolution
		{59DB1F76-916E-4715-B399-505919CD24CA}.Debug|STANDARDSDK_500 (x86).ActiveCfg = Debug|STANDARDSDK_500 (x86)
		{59DB1F76-916E-4715-B399-505919CD24CA}.Debug|STANDARDSDK_500 (x86).Build.0 = Debug|STANDARDSDK_500 (x86)
		{59DB1F76-916E-4715-B399-505919CD24CA}.Debug|STANDARDSDK_500 (x86).Deploy.0 = Debug|STANDARDSDK_500 (x86)
		{59DB1F76-916E-4715-B399-505919CD24CA}.Release|STANDARDSDK_500 (x86).ActiveCfg = Release|STANDARDSDK_500 (x86)
		{59DB1F76-916E-4715-B399-505919CD24CA}.Release|STANDARDSDK_500 (x86).Build.0 = Release|STANDARDSDK_500 (x86)
		{59DB1F76-916E-4715-B399-505919CD24CA}.Release|STANDARDSDK_500 (x86).Deploy.0 = Release|STANDARDSDK_500 (x86)
	EndGlobalSection
	GlobalSection(SolutionProperties) = preSolution
		HideSolutionNode = FALSE
	EndGlobalSection
EndGlobal
