
Microsoft Visual Studio Solution File, Format Version 10.00
# Visual Studio 2008
Project("{FAE04EC0-301F-11D3-BF4B-00C04F79EFBC}") = "Adam40XXDIO", "Adam40XXDIO.csproj", "{3AC5F0E6-7A80-46CD-B8C3-5A8A82A81169}"
EndProject
Global
	GlobalSection(SolutionConfigurationPlatforms) = preSolution
		Debug|Any CPU = Debug|Any CPU
		Release|Any CPU = Release|Any CPU
	EndGlobalSection
	GlobalSection(ProjectConfigurationPlatforms) = postSolution
		{3AC5F0E6-7A80-46CD-B8C3-5A8A82A81169}.Debug|Any CPU.ActiveCfg = Debug|Any CPU
		{3AC5F0E6-7A80-46CD-B8C3-5A8A82A81169}.Debug|Any CPU.Build.0 = Debug|Any CPU
		{3AC5F0E6-7A80-46CD-B8C3-5A8A82A81169}.Release|Any CPU.ActiveCfg = Release|Any CPU
		{3AC5F0E6-7A80-46CD-B8C3-5A8A82A81169}.Release|Any CPU.Build.0 = Release|Any CPU
	EndGlobalSection
	GlobalSection(SolutionProperties) = preSolution
		HideSolutionNode = FALSE
	EndGlobalSection
EndGlobal
