
Microsoft Visual Studio Solution File, Format Version 10.00
# Visual Studio 2008
Project("{FAE04EC0-301F-11D3-BF4B-00C04F79EFBC}") = "APAX-Coupler-Win32-Sample", "APAX-Coupler-Win32-Sample\APAX-Coupler-Win32-Sample.csproj", "{3D752A57-BB42-488D-9F1F-1A6F9D5B740A}"
EndProject
Project("{FAE04EC0-301F-11D3-BF4B-00C04F79EFBC}") = "Apax_IO_Module_Library", "Apax_IO_Module_Library\Apax_IO_Module_Library.csproj", "{92D8B317-FD18-4424-844A-26D9CFF57CAD}"
EndProject
Project("{FAE04EC0-301F-11D3-BF4B-00C04F79EFBC}") = "APAX-5080", "APAX-5080\APAX-5080.csproj", "{B58C86C7-3875-4E84-8288-98952A562FAE}"
EndProject
Project("{FAE04EC0-301F-11D3-BF4B-00C04F79EFBC}") = "APAX-5082", "APAX-5082\APAX-5082.csproj", "{6DBF48B2-79E7-464D-B285-7E7FAA1FD65F}"
EndProject
Project("{FAE04EC0-301F-11D3-BF4B-00C04F79EFBC}") = "APAX-5018", "APAX-5018\APAX-5018.csproj", "{ADC3616F-001B-47EE-9558-57425E1B3326}"
EndProject
Project("{FAE04EC0-301F-11D3-BF4B-00C04F79EFBC}") = "APAX-5013", "APAX-5013\APAX-5013.csproj", "{6AA49041-15CE-48BE-BD37-C4E947593B9C}"
EndProject
Project("{FAE04EC0-301F-11D3-BF4B-00C04F79EFBC}") = "APAX-5028", "APAX-5028\APAX-5028.csproj", "{7DD232F2-4859-4787-ACA3-566C0C2AC575}"
EndProject
Project("{FAE04EC0-301F-11D3-BF4B-00C04F79EFBC}") = "APAX-5017", "APAX-5017\APAX-5017.csproj", "{684FB428-FD43-41A7-917B-66A82BF4DA1D}"
EndProject
Project("{FAE04EC0-301F-11D3-BF4B-00C04F79EFBC}") = "APAX-5017H", "APAX-5017H\APAX-5017H.csproj", "{671E3FC8-8452-4BDE-A555-B47A16108B51}"
EndProject
Project("{FAE04EC0-301F-11D3-BF4B-00C04F79EFBC}") = "APAX-5040", "APAX-5040\APAX-5040.csproj", "{ACAB8756-7908-4298-B964-81ABA0DE705B}"
EndProject
Project("{FAE04EC0-301F-11D3-BF4B-00C04F79EFBC}") = "APAX-5046", "APAX-5046\APAX-5046.csproj", "{81B51BEE-5CA4-4192-9E78-37E0B596ADA8}"
EndProject
Project("{FAE04EC0-301F-11D3-BF4B-00C04F79EFBC}") = "APAX-5045", "APAX-5045\APAX-5045.csproj", "{34176E8B-F6FC-42FE-9F2B-0EDA803D0D33}"
EndProject
Project("{FAE04EC0-301F-11D3-BF4B-00C04F79EFBC}") = "APAX-5060", "APAX-5060\APAX-5060.csproj", "{9C119DA8-284E-4A9C-A835-8F774CCC8BF0}"
EndProject
Project("{FAE04EC0-301F-11D3-BF4B-00C04F79EFBC}") = "APAX-5017PE", "APAX-5017PE\APAX-5017PE.csproj", "{3FFF8BFF-441A-448E-A57D-750538618337}"
EndProject
Project("{FAE04EC0-301F-11D3-BF4B-00C04F79EFBC}") = "APAX-5040PE", "APAX-5040PE\APAX-5040PE.csproj", "{C90F3AD8-0240-471C-BCA3-EF6CB6756513}"
EndProject
Project("{FAE04EC0-301F-11D3-BF4B-00C04F79EFBC}") = "APAX-5060PE", "APAX-5060PE\APAX-5060PE.csproj", "{D5E9B6EE-2912-4A4D-8ABE-81516CB5B3CE}"
EndProject
Project("{FAE04EC0-301F-11D3-BF4B-00C04F79EFBC}") = "APAX-5046SO", "APAX-5046SO\APAX-5046SO.csproj", "{2B8B7A9E-3AD7-4B2B-8C18-96C6AE2AD1E3}"
EndProject
Project("{FAE04EC0-301F-11D3-BF4B-00C04F79EFBC}") = "APAX-5090", "APAX-5090\APAX-5090.csproj", "{8BF47342-35A9-47FE-8CFA-7AAB3203A009}"
EndProject
Global
	GlobalSection(SolutionConfigurationPlatforms) = preSolution
		Debug|Any CPU = Debug|Any CPU
		Release|Any CPU = Release|Any CPU
	EndGlobalSection
	GlobalSection(ProjectConfigurationPlatforms) = postSolution
		{3D752A57-BB42-488D-9F1F-1A6F9D5B740A}.Debug|Any CPU.ActiveCfg = Debug|Any CPU
		{3D752A57-BB42-488D-9F1F-1A6F9D5B740A}.Debug|Any CPU.Build.0 = Debug|Any CPU
		{3D752A57-BB42-488D-9F1F-1A6F9D5B740A}.Release|Any CPU.ActiveCfg = Release|Any CPU
		{3D752A57-BB42-488D-9F1F-1A6F9D5B740A}.Release|Any CPU.Build.0 = Release|Any CPU
		{92D8B317-FD18-4424-844A-26D9CFF57CAD}.Debug|Any CPU.ActiveCfg = Debug|Any CPU
		{92D8B317-FD18-4424-844A-26D9CFF57CAD}.Debug|Any CPU.Build.0 = Debug|Any CPU
		{92D8B317-FD18-4424-844A-26D9CFF57CAD}.Release|Any CPU.ActiveCfg = Release|Any CPU
		{92D8B317-FD18-4424-844A-26D9CFF57CAD}.Release|Any CPU.Build.0 = Release|Any CPU
		{B58C86C7-3875-4E84-8288-98952A562FAE}.Debug|Any CPU.ActiveCfg = Debug|Any CPU
		{B58C86C7-3875-4E84-8288-98952A562FAE}.Debug|Any CPU.Build.0 = Debug|Any CPU
		{B58C86C7-3875-4E84-8288-98952A562FAE}.Release|Any CPU.ActiveCfg = Release|Any CPU
		{B58C86C7-3875-4E84-8288-98952A562FAE}.Release|Any CPU.Build.0 = Release|Any CPU
		{6DBF48B2-79E7-464D-B285-7E7FAA1FD65F}.Debug|Any CPU.ActiveCfg = Debug|Any CPU
		{6DBF48B2-79E7-464D-B285-7E7FAA1FD65F}.Debug|Any CPU.Build.0 = Debug|Any CPU
		{6DBF48B2-79E7-464D-B285-7E7FAA1FD65F}.Release|Any CPU.ActiveCfg = Release|Any CPU
		{6DBF48B2-79E7-464D-B285-7E7FAA1FD65F}.Release|Any CPU.Build.0 = Release|Any CPU
		{ADC3616F-001B-47EE-9558-57425E1B3326}.Debug|Any CPU.ActiveCfg = Debug|Any CPU
		{ADC3616F-001B-47EE-9558-57425E1B3326}.Debug|Any CPU.Build.0 = Debug|Any CPU
		{ADC3616F-001B-47EE-9558-57425E1B3326}.Release|Any CPU.ActiveCfg = Release|Any CPU
		{ADC3616F-001B-47EE-9558-57425E1B3326}.Release|Any CPU.Build.0 = Release|Any CPU
		{6AA49041-15CE-48BE-BD37-C4E947593B9C}.Debug|Any CPU.ActiveCfg = Debug|Any CPU
		{6AA49041-15CE-48BE-BD37-C4E947593B9C}.Debug|Any CPU.Build.0 = Debug|Any CPU
		{6AA49041-15CE-48BE-BD37-C4E947593B9C}.Release|Any CPU.ActiveCfg = Release|Any CPU
		{6AA49041-15CE-48BE-BD37-C4E947593B9C}.Release|Any CPU.Build.0 = Release|Any CPU
		{7DD232F2-4859-4787-ACA3-566C0C2AC575}.Debug|Any CPU.ActiveCfg = Debug|Any CPU
		{7DD232F2-4859-4787-ACA3-566C0C2AC575}.Debug|Any CPU.Build.0 = Debug|Any CPU
		{7DD232F2-4859-4787-ACA3-566C0C2AC575}.Release|Any CPU.ActiveCfg = Release|Any CPU
		{7DD232F2-4859-4787-ACA3-566C0C2AC575}.Release|Any CPU.Build.0 = Release|Any CPU
		{684FB428-FD43-41A7-917B-66A82BF4DA1D}.Debug|Any CPU.ActiveCfg = Debug|Any CPU
		{684FB428-FD43-41A7-917B-66A82BF4DA1D}.Debug|Any CPU.Build.0 = Debug|Any CPU
		{684FB428-FD43-41A7-917B-66A82BF4DA1D}.Release|Any CPU.ActiveCfg = Release|Any CPU
		{684FB428-FD43-41A7-917B-66A82BF4DA1D}.Release|Any CPU.Build.0 = Release|Any CPU
		{671E3FC8-8452-4BDE-A555-B47A16108B51}.Debug|Any CPU.ActiveCfg = Debug|Any CPU
		{671E3FC8-8452-4BDE-A555-B47A16108B51}.Debug|Any CPU.Build.0 = Debug|Any CPU
		{671E3FC8-8452-4BDE-A555-B47A16108B51}.Release|Any CPU.ActiveCfg = Release|Any CPU
		{671E3FC8-8452-4BDE-A555-B47A16108B51}.Release|Any CPU.Build.0 = Release|Any CPU
		{ACAB8756-7908-4298-B964-81ABA0DE705B}.Debug|Any CPU.ActiveCfg = Debug|Any CPU
		{ACAB8756-7908-4298-B964-81ABA0DE705B}.Debug|Any CPU.Build.0 = Debug|Any CPU
		{ACAB8756-7908-4298-B964-81ABA0DE705B}.Release|Any CPU.ActiveCfg = Release|Any CPU
		{ACAB8756-7908-4298-B964-81ABA0DE705B}.Release|Any CPU.Build.0 = Release|Any CPU
		{81B51BEE-5CA4-4192-9E78-37E0B596ADA8}.Debug|Any CPU.ActiveCfg = Debug|Any CPU
		{81B51BEE-5CA4-4192-9E78-37E0B596ADA8}.Debug|Any CPU.Build.0 = Debug|Any CPU
		{81B51BEE-5CA4-4192-9E78-37E0B596ADA8}.Release|Any CPU.ActiveCfg = Release|Any CPU
		{81B51BEE-5CA4-4192-9E78-37E0B596ADA8}.Release|Any CPU.Build.0 = Release|Any CPU
		{34176E8B-F6FC-42FE-9F2B-0EDA803D0D33}.Debug|Any CPU.ActiveCfg = Debug|Any CPU
		{34176E8B-F6FC-42FE-9F2B-0EDA803D0D33}.Debug|Any CPU.Build.0 = Debug|Any CPU
		{34176E8B-F6FC-42FE-9F2B-0EDA803D0D33}.Release|Any CPU.ActiveCfg = Release|Any CPU
		{34176E8B-F6FC-42FE-9F2B-0EDA803D0D33}.Release|Any CPU.Build.0 = Release|Any CPU
		{9C119DA8-284E-4A9C-A835-8F774CCC8BF0}.Debug|Any CPU.ActiveCfg = Debug|Any CPU
		{9C119DA8-284E-4A9C-A835-8F774CCC8BF0}.Debug|Any CPU.Build.0 = Debug|Any CPU
		{9C119DA8-284E-4A9C-A835-8F774CCC8BF0}.Release|Any CPU.ActiveCfg = Release|Any CPU
		{9C119DA8-284E-4A9C-A835-8F774CCC8BF0}.Release|Any CPU.Build.0 = Release|Any CPU
		{3FFF8BFF-441A-448E-A57D-750538618337}.Debug|Any CPU.ActiveCfg = Debug|Any CPU
		{3FFF8BFF-441A-448E-A57D-750538618337}.Debug|Any CPU.Build.0 = Debug|Any CPU
		{3FFF8BFF-441A-448E-A57D-750538618337}.Release|Any CPU.ActiveCfg = Release|Any CPU
		{3FFF8BFF-441A-448E-A57D-750538618337}.Release|Any CPU.Build.0 = Release|Any CPU
		{C90F3AD8-0240-471C-BCA3-EF6CB6756513}.Debug|Any CPU.ActiveCfg = Debug|Any CPU
		{C90F3AD8-0240-471C-BCA3-EF6CB6756513}.Debug|Any CPU.Build.0 = Debug|Any CPU
		{C90F3AD8-0240-471C-BCA3-EF6CB6756513}.Release|Any CPU.ActiveCfg = Release|Any CPU
		{C90F3AD8-0240-471C-BCA3-EF6CB6756513}.Release|Any CPU.Build.0 = Release|Any CPU
		{D5E9B6EE-2912-4A4D-8ABE-81516CB5B3CE}.Debug|Any CPU.ActiveCfg = Debug|Any CPU
		{D5E9B6EE-2912-4A4D-8ABE-81516CB5B3CE}.Debug|Any CPU.Build.0 = Debug|Any CPU
		{D5E9B6EE-2912-4A4D-8ABE-81516CB5B3CE}.Release|Any CPU.ActiveCfg = Release|Any CPU
		{D5E9B6EE-2912-4A4D-8ABE-81516CB5B3CE}.Release|Any CPU.Build.0 = Release|Any CPU
		{2B8B7A9E-3AD7-4B2B-8C18-96C6AE2AD1E3}.Debug|Any CPU.ActiveCfg = Debug|Any CPU
		{2B8B7A9E-3AD7-4B2B-8C18-96C6AE2AD1E3}.Debug|Any CPU.Build.0 = Debug|Any CPU
		{2B8B7A9E-3AD7-4B2B-8C18-96C6AE2AD1E3}.Release|Any CPU.ActiveCfg = Release|Any CPU
		{2B8B7A9E-3AD7-4B2B-8C18-96C6AE2AD1E3}.Release|Any CPU.Build.0 = Release|Any CPU
		{8BF47342-35A9-47FE-8CFA-7AAB3203A009}.Debug|Any CPU.ActiveCfg = Debug|Any CPU
		{8BF47342-35A9-47FE-8CFA-7AAB3203A009}.Debug|Any CPU.Build.0 = Debug|Any CPU
		{8BF47342-35A9-47FE-8CFA-7AAB3203A009}.Release|Any CPU.ActiveCfg = Release|Any CPU
		{8BF47342-35A9-47FE-8CFA-7AAB3203A009}.Release|Any CPU.Build.0 = Release|Any CPU
	EndGlobalSection
	GlobalSection(SolutionProperties) = preSolution
		HideSolutionNode = FALSE
	EndGlobalSection
EndGlobal
