
Microsoft Visual Studio Solution File, Format Version 12.00
# Visual Studio 14
VisualStudioVersion = 14.0.25420.1
MinimumVisualStudioVersion = 10.0.40219.1
Project("{8BC9CEB8-8B4A-11D0-8D11-00A0C91BC942}") = "APAX-5028", "APAX-5028\APAX-5028.vcxproj", "{B9F2E313-2527-4999-AEC1-258D53EE8A26}"
EndProject
Project("{8BC9CEB8-8B4A-11D0-8D11-00A0C91BC942}") = "APAX-5040", "APAX-5040\APAX-5040.vcxproj", "{1335F90B-80A3-4B9F-8CD2-15BBB50FDD84}"
EndProject
Project("{8BC9CEB8-8B4A-11D0-8D11-00A0C91BC942}") = "APAX-5046", "APAX-5046\APAX-5046.vcxproj", "{394FF036-A361-498C-9EBC-9168985954CE}"
EndProject
Project("{8BC9CEB8-8B4A-11D0-8D11-00A0C91BC942}") = "APAX-5045", "APAX-5045\APAX-5045.vcxproj", "{B81F218F-3F5C-4B40-8CC3-BAF58549219C}"
EndProject
Project("{8BC9CEB8-8B4A-11D0-8D11-00A0C91BC942}") = "APAX-5060", "APAX-5060\APAX-5060.vcxproj", "{B2E08371-276A-4566-BE73-9F91A198017E}"
EndProject
Project("{8BC9CEB8-8B4A-11D0-8D11-00A0C91BC942}") = "APAX-5017H", "APAX-5017H\APAX-5017H.vcxproj", "{057C67A2-217B-4F0C-A3D2-85A509774F00}"
EndProject
Project("{8BC9CEB8-8B4A-11D0-8D11-00A0C91BC942}") = "APAX-5017", "APAX-5017\APAX-5017.vcxproj", "{25C588A7-2823-4950-9ED8-819F1E0CFF07}"
EndProject
Project("{8BC9CEB8-8B4A-11D0-8D11-00A0C91BC942}") = "APAX-5013", "APAX-5013\APAX-5013.vcxproj", "{4A0910C4-691A-4657-96E7-4BDB0D939D8F}"
EndProject
Project("{8BC9CEB8-8B4A-11D0-8D11-00A0C91BC942}") = "APAX-5018", "APAX-5018\APAX-5018.vcxproj", "{69FDAD5D-A29A-477A-8B3C-F2B3301EB88E}"
EndProject
Project("{8BC9CEB8-8B4A-11D0-8D11-00A0C91BC942}") = "APAX-5080", "APAX-5080\APAX-5080.vcxproj", "{0B9492E3-D940-4628-B9D5-0573A993AC8C}"
EndProject
Project("{8BC9CEB8-8B4A-11D0-8D11-00A0C91BC942}") = "APAX-5082", "APAX-5082\APAX-5082.vcxproj", "{EAC03397-EDF6-4D3D-8901-DE5394EB77E5}"
EndProject
Project("{8BC9CEB8-8B4A-11D0-8D11-00A0C91BC942}") = "APAX-5017PE", "APAX-5017PE\APAX-5017PE.vcxproj", "{55E69B43-D030-4B1D-B3DE-FC04CB0CFCC4}"
EndProject
Project("{8BC9CEB8-8B4A-11D0-8D11-00A0C91BC942}") = "APAX-5040PE", "APAX-5040PE\APAX-5040PE.vcxproj", "{CF6BD48E-CBD5-40AB-A0EA-BE1EE803E335}"
EndProject
Project("{8BC9CEB8-8B4A-11D0-8D11-00A0C91BC942}") = "APAX-5060PE", "APAX-5060PE\APAX-5060PE.vcxproj", "{3701C29B-049A-43A2-A7C7-801057F4FA07}"
EndProject
Project("{8BC9CEB8-8B4A-11D0-8D11-00A0C91BC942}") = "APAX-5046SO", "APAX-5046SO\APAX-5046SO.vcxproj", "{D1CF5183-E144-42D6-949C-074897925740}"
EndProject
Global
	GlobalSection(SolutionConfigurationPlatforms) = preSolution
		Debug|Win32 = Debug|Win32
		Release|Win32 = Release|Win32
	EndGlobalSection
	GlobalSection(ProjectConfigurationPlatforms) = postSolution
		{B9F2E313-2527-4999-AEC1-258D53EE8A26}.Debug|Win32.ActiveCfg = Debug|Win32
		{B9F2E313-2527-4999-AEC1-258D53EE8A26}.Debug|Win32.Build.0 = Debug|Win32
		{B9F2E313-2527-4999-AEC1-258D53EE8A26}.Release|Win32.ActiveCfg = Release|Win32
		{B9F2E313-2527-4999-AEC1-258D53EE8A26}.Release|Win32.Build.0 = Release|Win32
		{1335F90B-80A3-4B9F-8CD2-15BBB50FDD84}.Debug|Win32.ActiveCfg = Debug|Win32
		{1335F90B-80A3-4B9F-8CD2-15BBB50FDD84}.Debug|Win32.Build.0 = Debug|Win32
		{1335F90B-80A3-4B9F-8CD2-15BBB50FDD84}.Release|Win32.ActiveCfg = Release|Win32
		{1335F90B-80A3-4B9F-8CD2-15BBB50FDD84}.Release|Win32.Build.0 = Release|Win32
		{394FF036-A361-498C-9EBC-9168985954CE}.Debug|Win32.ActiveCfg = Debug|Win32
		{394FF036-A361-498C-9EBC-9168985954CE}.Debug|Win32.Build.0 = Debug|Win32
		{394FF036-A361-498C-9EBC-9168985954CE}.Release|Win32.ActiveCfg = Release|Win32
		{394FF036-A361-498C-9EBC-9168985954CE}.Release|Win32.Build.0 = Release|Win32
		{B81F218F-3F5C-4B40-8CC3-BAF58549219C}.Debug|Win32.ActiveCfg = Debug|Win32
		{B81F218F-3F5C-4B40-8CC3-BAF58549219C}.Debug|Win32.Build.0 = Debug|Win32
		{B81F218F-3F5C-4B40-8CC3-BAF58549219C}.Release|Win32.ActiveCfg = Release|Win32
		{B81F218F-3F5C-4B40-8CC3-BAF58549219C}.Release|Win32.Build.0 = Release|Win32
		{B2E08371-276A-4566-BE73-9F91A198017E}.Debug|Win32.ActiveCfg = Debug|Win32
		{B2E08371-276A-4566-BE73-9F91A198017E}.Debug|Win32.Build.0 = Debug|Win32
		{B2E08371-276A-4566-BE73-9F91A198017E}.Release|Win32.ActiveCfg = Release|Win32
		{B2E08371-276A-4566-BE73-9F91A198017E}.Release|Win32.Build.0 = Release|Win32
		{057C67A2-217B-4F0C-A3D2-85A509774F00}.Debug|Win32.ActiveCfg = Debug|Win32
		{057C67A2-217B-4F0C-A3D2-85A509774F00}.Debug|Win32.Build.0 = Debug|Win32
		{057C67A2-217B-4F0C-A3D2-85A509774F00}.Release|Win32.ActiveCfg = Release|Win32
		{057C67A2-217B-4F0C-A3D2-85A509774F00}.Release|Win32.Build.0 = Release|Win32
		{25C588A7-2823-4950-9ED8-819F1E0CFF07}.Debug|Win32.ActiveCfg = Debug|Win32
		{25C588A7-2823-4950-9ED8-819F1E0CFF07}.Debug|Win32.Build.0 = Debug|Win32
		{25C588A7-2823-4950-9ED8-819F1E0CFF07}.Release|Win32.ActiveCfg = Release|Win32
		{25C588A7-2823-4950-9ED8-819F1E0CFF07}.Release|Win32.Build.0 = Release|Win32
		{4A0910C4-691A-4657-96E7-4BDB0D939D8F}.Debug|Win32.ActiveCfg = Debug|Win32
		{4A0910C4-691A-4657-96E7-4BDB0D939D8F}.Debug|Win32.Build.0 = Debug|Win32
		{4A0910C4-691A-4657-96E7-4BDB0D939D8F}.Release|Win32.ActiveCfg = Release|Win32
		{4A0910C4-691A-4657-96E7-4BDB0D939D8F}.Release|Win32.Build.0 = Release|Win32
		{69FDAD5D-A29A-477A-8B3C-F2B3301EB88E}.Debug|Win32.ActiveCfg = Debug|Win32
		{69FDAD5D-A29A-477A-8B3C-F2B3301EB88E}.Debug|Win32.Build.0 = Debug|Win32
		{69FDAD5D-A29A-477A-8B3C-F2B3301EB88E}.Release|Win32.ActiveCfg = Release|Win32
		{69FDAD5D-A29A-477A-8B3C-F2B3301EB88E}.Release|Win32.Build.0 = Release|Win32
		{0B9492E3-D940-4628-B9D5-0573A993AC8C}.Debug|Win32.ActiveCfg = Debug|Win32
		{0B9492E3-D940-4628-B9D5-0573A993AC8C}.Debug|Win32.Build.0 = Debug|Win32
		{0B9492E3-D940-4628-B9D5-0573A993AC8C}.Release|Win32.ActiveCfg = Release|Win32
		{0B9492E3-D940-4628-B9D5-0573A993AC8C}.Release|Win32.Build.0 = Release|Win32
		{EAC03397-EDF6-4D3D-8901-DE5394EB77E5}.Debug|Win32.ActiveCfg = Debug|Win32
		{EAC03397-EDF6-4D3D-8901-DE5394EB77E5}.Debug|Win32.Build.0 = Debug|Win32
		{EAC03397-EDF6-4D3D-8901-DE5394EB77E5}.Release|Win32.ActiveCfg = Release|Win32
		{EAC03397-EDF6-4D3D-8901-DE5394EB77E5}.Release|Win32.Build.0 = Release|Win32
		{55E69B43-D030-4B1D-B3DE-FC04CB0CFCC4}.Debug|Win32.ActiveCfg = Debug|Win32
		{55E69B43-D030-4B1D-B3DE-FC04CB0CFCC4}.Debug|Win32.Build.0 = Debug|Win32
		{55E69B43-D030-4B1D-B3DE-FC04CB0CFCC4}.Release|Win32.ActiveCfg = Release|Win32
		{55E69B43-D030-4B1D-B3DE-FC04CB0CFCC4}.Release|Win32.Build.0 = Release|Win32
		{CF6BD48E-CBD5-40AB-A0EA-BE1EE803E335}.Debug|Win32.ActiveCfg = Debug|Win32
		{CF6BD48E-CBD5-40AB-A0EA-BE1EE803E335}.Debug|Win32.Build.0 = Debug|Win32
		{CF6BD48E-CBD5-40AB-A0EA-BE1EE803E335}.Release|Win32.ActiveCfg = Release|Win32
		{CF6BD48E-CBD5-40AB-A0EA-BE1EE803E335}.Release|Win32.Build.0 = Release|Win32
		{3701C29B-049A-43A2-A7C7-801057F4FA07}.Debug|Win32.ActiveCfg = Debug|Win32
		{3701C29B-049A-43A2-A7C7-801057F4FA07}.Debug|Win32.Build.0 = Debug|Win32
		{3701C29B-049A-43A2-A7C7-801057F4FA07}.Release|Win32.ActiveCfg = Release|Win32
		{3701C29B-049A-43A2-A7C7-801057F4FA07}.Release|Win32.Build.0 = Release|Win32
		{D1CF5183-E144-42D6-949C-074897925740}.Debug|Win32.ActiveCfg = Debug|Win32
		{D1CF5183-E144-42D6-949C-074897925740}.Debug|Win32.Build.0 = Debug|Win32
		{D1CF5183-E144-42D6-949C-074897925740}.Release|Win32.ActiveCfg = Release|Win32
		{D1CF5183-E144-42D6-949C-074897925740}.Release|Win32.Build.0 = Release|Win32
	EndGlobalSection
	GlobalSection(SolutionProperties) = preSolution
		HideSolutionNode = FALSE
	EndGlobalSection
EndGlobal
