
Microsoft Visual Studio Solution File, Format Version 10.00
# Visual Studio 2008
Project("{F184B08F-C81C-45F6-A57F-5ABD9991F28F}") = "APAX_IO_Module_Library", "Apax_IO_Module_Library\APAX_IO_Module_Library.vbproj", "{2B10E3B1-5DFA-4520-9F24-8AEEC4776E4D}"
EndProject
Project("{F184B08F-C81C-45F6-A57F-5ABD9991F28F}") = "APAX-5060", "APAX-5060\APAX-5060.vbproj", "{2BB1F87F-26B1-4792-ADD2-B0F7A83913F0}"
EndProject
Project("{F184B08F-C81C-45F6-A57F-5ABD9991F28F}") = "APAX-5013", "APAX-5013\APAX-5013.vbproj", "{1313D9C8-DCC5-493F-8268-AC53EA726EB5}"
EndProject
Project("{F184B08F-C81C-45F6-A57F-5ABD9991F28F}") = "APAX-5017", "APAX-5017\APAX-5017.vbproj", "{44834194-F9F1-46C8-B70C-2FAC81FECD8F}"
EndProject
Project("{F184B08F-C81C-45F6-A57F-5ABD9991F28F}") = "APAX-5017H", "APAX-5017H\APAX-5017H.vbproj", "{0E8BB19F-1CEE-4F72-9EF4-A2266EAF8285}"
EndProject
Project("{F184B08F-C81C-45F6-A57F-5ABD9991F28F}") = "APAX-5018", "APAX-5018\APAX-5018.vbproj", "{A5678032-789C-420C-84E6-57FEAFBA2524}"
EndProject
Project("{F184B08F-C81C-45F6-A57F-5ABD9991F28F}") = "APAX-5028", "APAX-5028\APAX-5028.vbproj", "{8E5715E2-BDFD-4CCD-BC5F-55D59975E0B3}"
EndProject
Project("{F184B08F-C81C-45F6-A57F-5ABD9991F28F}") = "APAX-5040", "APAX-5040\APAX-5040.vbproj", "{E8F98744-6E78-4EEE-8542-85B2C0523EDC}"
EndProject
Project("{F184B08F-C81C-45F6-A57F-5ABD9991F28F}") = "APAX-5046", "APAX-5046\APAX-5046.vbproj", "{BBE9D280-5259-464E-9E11-86BFB03CB63D}"
EndProject
Project("{F184B08F-C81C-45F6-A57F-5ABD9991F28F}") = "APAX-5080", "APAX-5080\APAX-5080.vbproj", "{D96C8063-46EB-4971-A68B-6CE42F173FA9}"
EndProject
Project("{F184B08F-C81C-45F6-A57F-5ABD9991F28F}") = "APAX-5082", "APAX-5082\APAX-5082.vbproj", "{D7A3550B-698A-43E8-87AE-A4D70B3D6292}"
EndProject
Project("{F184B08F-C81C-45F6-A57F-5ABD9991F28F}") = "APAX-5045", "APAX-5045\APAX-5045.vbproj", "{96BEB39E-8CD9-4B75-9899-561A85661DBA}"
EndProject
Project("{F184B08F-C81C-45F6-A57F-5ABD9991F28F}") = "APAX-Coupler-Win32-Sample", "APAX-Coupler-Win32-Sample\APAX-Coupler-Win32-Sample.vbproj", "{44892F5B-26C5-48FA-8861-76DFFD615F08}"
EndProject
Project("{F184B08F-C81C-45F6-A57F-5ABD9991F28F}") = "APAX-5017PE", "APAX-5017PE\APAX-5017PE.vbproj", "{AF9B2357-0A09-4544-AEF0-2DABEB257411}"
EndProject
Project("{F184B08F-C81C-45F6-A57F-5ABD9991F28F}") = "APAX-5040PE", "APAX-5040PE\APAX-5040PE.vbproj", "{E291D481-92DB-42F9-936C-A5C4D1D2B049}"
EndProject
Project("{F184B08F-C81C-45F6-A57F-5ABD9991F28F}") = "APAX-5046SO", "APAX-5046SO\APAX-5046SO.vbproj", "{B1EC7A24-1747-4C81-95D6-3A23936B9F84}"
EndProject
Project("{F184B08F-C81C-45F6-A57F-5ABD9991F28F}") = "APAX-5060PE", "APAX-5060PE\APAX-5060PE.vbproj", "{1E9A805B-5DDF-424F-8E67-DC239830DF6B}"
EndProject
Project("{F184B08F-C81C-45F6-A57F-5ABD9991F28F}") = "APAX-5090", "APAX-5090\APAX-5090.vbproj", "{019F92CD-E736-4386-A663-0411A59B4A0C}"
EndProject
Global
	GlobalSection(SolutionConfigurationPlatforms) = preSolution
		Debug|Any CPU = Debug|Any CPU
		Release|Any CPU = Release|Any CPU
	EndGlobalSection
	GlobalSection(ProjectConfigurationPlatforms) = postSolution
		{2B10E3B1-5DFA-4520-9F24-8AEEC4776E4D}.Debug|Any CPU.ActiveCfg = Debug|Any CPU
		{2B10E3B1-5DFA-4520-9F24-8AEEC4776E4D}.Debug|Any CPU.Build.0 = Debug|Any CPU
		{2B10E3B1-5DFA-4520-9F24-8AEEC4776E4D}.Release|Any CPU.ActiveCfg = Release|Any CPU
		{2B10E3B1-5DFA-4520-9F24-8AEEC4776E4D}.Release|Any CPU.Build.0 = Release|Any CPU
		{2BB1F87F-26B1-4792-ADD2-B0F7A83913F0}.Debug|Any CPU.ActiveCfg = Debug|Any CPU
		{2BB1F87F-26B1-4792-ADD2-B0F7A83913F0}.Debug|Any CPU.Build.0 = Debug|Any CPU
		{2BB1F87F-26B1-4792-ADD2-B0F7A83913F0}.Release|Any CPU.ActiveCfg = Release|Any CPU
		{2BB1F87F-26B1-4792-ADD2-B0F7A83913F0}.Release|Any CPU.Build.0 = Release|Any CPU
		{1313D9C8-DCC5-493F-8268-AC53EA726EB5}.Debug|Any CPU.ActiveCfg = Debug|Any CPU
		{1313D9C8-DCC5-493F-8268-AC53EA726EB5}.Debug|Any CPU.Build.0 = Debug|Any CPU
		{1313D9C8-DCC5-493F-8268-AC53EA726EB5}.Release|Any CPU.ActiveCfg = Release|Any CPU
		{1313D9C8-DCC5-493F-8268-AC53EA726EB5}.Release|Any CPU.Build.0 = Release|Any CPU
		{44834194-F9F1-46C8-B70C-2FAC81FECD8F}.Debug|Any CPU.ActiveCfg = Debug|Any CPU
		{44834194-F9F1-46C8-B70C-2FAC81FECD8F}.Debug|Any CPU.Build.0 = Debug|Any CPU
		{44834194-F9F1-46C8-B70C-2FAC81FECD8F}.Release|Any CPU.ActiveCfg = Release|Any CPU
		{44834194-F9F1-46C8-B70C-2FAC81FECD8F}.Release|Any CPU.Build.0 = Release|Any CPU
		{0E8BB19F-1CEE-4F72-9EF4-A2266EAF8285}.Debug|Any CPU.ActiveCfg = Debug|Any CPU
		{0E8BB19F-1CEE-4F72-9EF4-A2266EAF8285}.Debug|Any CPU.Build.0 = Debug|Any CPU
		{0E8BB19F-1CEE-4F72-9EF4-A2266EAF8285}.Release|Any CPU.ActiveCfg = Release|Any CPU
		{0E8BB19F-1CEE-4F72-9EF4-A2266EAF8285}.Release|Any CPU.Build.0 = Release|Any CPU
		{A5678032-789C-420C-84E6-57FEAFBA2524}.Debug|Any CPU.ActiveCfg = Debug|Any CPU
		{A5678032-789C-420C-84E6-57FEAFBA2524}.Debug|Any CPU.Build.0 = Debug|Any CPU
		{A5678032-789C-420C-84E6-57FEAFBA2524}.Release|Any CPU.ActiveCfg = Release|Any CPU
		{A5678032-789C-420C-84E6-57FEAFBA2524}.Release|Any CPU.Build.0 = Release|Any CPU
		{8E5715E2-BDFD-4CCD-BC5F-55D59975E0B3}.Debug|Any CPU.ActiveCfg = Debug|Any CPU
		{8E5715E2-BDFD-4CCD-BC5F-55D59975E0B3}.Debug|Any CPU.Build.0 = Debug|Any CPU
		{8E5715E2-BDFD-4CCD-BC5F-55D59975E0B3}.Release|Any CPU.ActiveCfg = Release|Any CPU
		{8E5715E2-BDFD-4CCD-BC5F-55D59975E0B3}.Release|Any CPU.Build.0 = Release|Any CPU
		{E8F98744-6E78-4EEE-8542-85B2C0523EDC}.Debug|Any CPU.ActiveCfg = Debug|Any CPU
		{E8F98744-6E78-4EEE-8542-85B2C0523EDC}.Debug|Any CPU.Build.0 = Debug|Any CPU
		{E8F98744-6E78-4EEE-8542-85B2C0523EDC}.Release|Any CPU.ActiveCfg = Release|Any CPU
		{E8F98744-6E78-4EEE-8542-85B2C0523EDC}.Release|Any CPU.Build.0 = Release|Any CPU
		{BBE9D280-5259-464E-9E11-86BFB03CB63D}.Debug|Any CPU.ActiveCfg = Debug|Any CPU
		{BBE9D280-5259-464E-9E11-86BFB03CB63D}.Debug|Any CPU.Build.0 = Debug|Any CPU
		{BBE9D280-5259-464E-9E11-86BFB03CB63D}.Release|Any CPU.ActiveCfg = Release|Any CPU
		{BBE9D280-5259-464E-9E11-86BFB03CB63D}.Release|Any CPU.Build.0 = Release|Any CPU
		{D96C8063-46EB-4971-A68B-6CE42F173FA9}.Debug|Any CPU.ActiveCfg = Debug|Any CPU
		{D96C8063-46EB-4971-A68B-6CE42F173FA9}.Debug|Any CPU.Build.0 = Debug|Any CPU
		{D96C8063-46EB-4971-A68B-6CE42F173FA9}.Release|Any CPU.ActiveCfg = Release|Any CPU
		{D96C8063-46EB-4971-A68B-6CE42F173FA9}.Release|Any CPU.Build.0 = Release|Any CPU
		{D7A3550B-698A-43E8-87AE-A4D70B3D6292}.Debug|Any CPU.ActiveCfg = Debug|Any CPU
		{D7A3550B-698A-43E8-87AE-A4D70B3D6292}.Debug|Any CPU.Build.0 = Debug|Any CPU
		{D7A3550B-698A-43E8-87AE-A4D70B3D6292}.Release|Any CPU.ActiveCfg = Release|Any CPU
		{D7A3550B-698A-43E8-87AE-A4D70B3D6292}.Release|Any CPU.Build.0 = Release|Any CPU
		{96BEB39E-8CD9-4B75-9899-561A85661DBA}.Debug|Any CPU.ActiveCfg = Debug|Any CPU
		{96BEB39E-8CD9-4B75-9899-561A85661DBA}.Debug|Any CPU.Build.0 = Debug|Any CPU
		{96BEB39E-8CD9-4B75-9899-561A85661DBA}.Release|Any CPU.ActiveCfg = Release|Any CPU
		{96BEB39E-8CD9-4B75-9899-561A85661DBA}.Release|Any CPU.Build.0 = Release|Any CPU
		{44892F5B-26C5-48FA-8861-76DFFD615F08}.Debug|Any CPU.ActiveCfg = Debug|Any CPU
		{44892F5B-26C5-48FA-8861-76DFFD615F08}.Debug|Any CPU.Build.0 = Debug|Any CPU
		{44892F5B-26C5-48FA-8861-76DFFD615F08}.Release|Any CPU.ActiveCfg = Release|Any CPU
		{44892F5B-26C5-48FA-8861-76DFFD615F08}.Release|Any CPU.Build.0 = Release|Any CPU
		{AF9B2357-0A09-4544-AEF0-2DABEB257411}.Debug|Any CPU.ActiveCfg = Debug|Any CPU
		{AF9B2357-0A09-4544-AEF0-2DABEB257411}.Debug|Any CPU.Build.0 = Debug|Any CPU
		{AF9B2357-0A09-4544-AEF0-2DABEB257411}.Release|Any CPU.ActiveCfg = Release|Any CPU
		{AF9B2357-0A09-4544-AEF0-2DABEB257411}.Release|Any CPU.Build.0 = Release|Any CPU
		{E291D481-92DB-42F9-936C-A5C4D1D2B049}.Debug|Any CPU.ActiveCfg = Debug|Any CPU
		{E291D481-92DB-42F9-936C-A5C4D1D2B049}.Debug|Any CPU.Build.0 = Debug|Any CPU
		{E291D481-92DB-42F9-936C-A5C4D1D2B049}.Release|Any CPU.ActiveCfg = Release|Any CPU
		{E291D481-92DB-42F9-936C-A5C4D1D2B049}.Release|Any CPU.Build.0 = Release|Any CPU
		{B1EC7A24-1747-4C81-95D6-3A23936B9F84}.Debug|Any CPU.ActiveCfg = Debug|Any CPU
		{B1EC7A24-1747-4C81-95D6-3A23936B9F84}.Debug|Any CPU.Build.0 = Debug|Any CPU
		{B1EC7A24-1747-4C81-95D6-3A23936B9F84}.Release|Any CPU.ActiveCfg = Release|Any CPU
		{B1EC7A24-1747-4C81-95D6-3A23936B9F84}.Release|Any CPU.Build.0 = Release|Any CPU
		{1E9A805B-5DDF-424F-8E67-DC239830DF6B}.Debug|Any CPU.ActiveCfg = Debug|Any CPU
		{1E9A805B-5DDF-424F-8E67-DC239830DF6B}.Debug|Any CPU.Build.0 = Debug|Any CPU
		{1E9A805B-5DDF-424F-8E67-DC239830DF6B}.Release|Any CPU.ActiveCfg = Release|Any CPU
		{1E9A805B-5DDF-424F-8E67-DC239830DF6B}.Release|Any CPU.Build.0 = Release|Any CPU
		{019F92CD-E736-4386-A663-0411A59B4A0C}.Debug|Any CPU.ActiveCfg = Debug|Any CPU
		{019F92CD-E736-4386-A663-0411A59B4A0C}.Debug|Any CPU.Build.0 = Debug|Any CPU
		{019F92CD-E736-4386-A663-0411A59B4A0C}.Release|Any CPU.ActiveCfg = Release|Any CPU
		{019F92CD-E736-4386-A663-0411A59B4A0C}.Release|Any CPU.Build.0 = Release|Any CPU
	EndGlobalSection
	GlobalSection(SolutionProperties) = preSolution
		HideSolutionNode = FALSE
	EndGlobalSection
EndGlobal
