
Microsoft Visual Studio Solution File, Format Version 10.00
# Visual Studio 2008
Project("{FAE04EC0-301F-11D3-BF4B-00C04F79EFBC}") = "Adam6217", "Adam6217.csproj", "{5E4C24AF-82EA-436D-A849-A1B4850313BC}"
EndProject
Global
	GlobalSection(SolutionConfigurationPlatforms) = preSolution
		Debug|Any CPU = Debug|Any CPU
		Release|Any CPU = Release|Any CPU
	EndGlobalSection
	GlobalSection(ProjectConfigurationPlatforms) = postSolution
		{5E4C24AF-82EA-436D-A849-A1B4850313BC}.Debug|Any CPU.ActiveCfg = Debug|Any CPU
		{5E4C24AF-82EA-436D-A849-A1B4850313BC}.Debug|Any CPU.Build.0 = Debug|Any CPU
		{5E4C24AF-82EA-436D-A849-A1B4850313BC}.Debug|Any CPU.Deploy.0 = Debug|Any CPU
		{5E4C24AF-82EA-436D-A849-A1B4850313BC}.Release|Any CPU.ActiveCfg = Release|Any CPU
		{5E4C24AF-82EA-436D-A849-A1B4850313BC}.Release|Any CPU.Build.0 = Release|Any CPU
		{5E4C24AF-82EA-436D-A849-A1B4850313BC}.Release|Any CPU.Deploy.0 = Release|Any CPU
	EndGlobalSection
	GlobalSection(SolutionProperties) = preSolution
		HideSolutionNode = FALSE
	EndGlobalSection
EndGlobal
