
Microsoft Visual Studio Solution File, Format Version 10.00
# Visual Studio 2008
Project("{F184B08F-C81C-45F6-A57F-5ABD9991F28F}") = "WISE-4000-REST", "WISE-4000-REST\WISE-4000-REST.vbproj", "{21B6FC21-8910-44C3-9899-1DF0571D631B}"
EndProject
Global
	GlobalSection(SolutionConfigurationPlatforms) = preSolution
		Debug|Any CPU = Debug|Any CPU
		Release|Any CPU = Release|Any CPU
	EndGlobalSection
	GlobalSection(ProjectConfigurationPlatforms) = postSolution
		{21B6FC21-8910-44C3-9899-1DF0571D631B}.Debug|Any CPU.ActiveCfg = Debug|Any CPU
		{21B6FC21-8910-44C3-9899-1DF0571D631B}.Debug|Any CPU.Build.0 = Debug|Any CPU
		{21B6FC21-8910-44C3-9899-1DF0571D631B}.Debug|Any CPU.Deploy.0 = Debug|Any CPU
		{21B6FC21-8910-44C3-9899-1DF0571D631B}.Release|Any CPU.ActiveCfg = Release|Any CPU
		{21B6FC21-8910-44C3-9899-1DF0571D631B}.Release|Any CPU.Build.0 = Release|Any CPU
		{21B6FC21-8910-44C3-9899-1DF0571D631B}.Release|Any CPU.Deploy.0 = Release|Any CPU
	EndGlobalSection
	GlobalSection(SolutionProperties) = preSolution
		HideSolutionNode = FALSE
	EndGlobalSection
EndGlobal
